// !$*UTF8*$!
{
	archiveVersion = 1;
	classes = {
	};
	objectVersion = 46;
	objects = {

/* Begin PBXBuildFile section */
		BE0C021118F3E96C004137CB /* Foundation.framework in Frameworks */ = {isa = PBXBuildFile; fileRef = BE0C021018F3E96C004137CB /* Foundation.framework */; };
		BE0C021318F3E96C004137CB /* CoreGraphics.framework in Frameworks */ = {isa = PBXBuildFile; fileRef = BE0C021218F3E96C004137CB /* CoreGraphics.framework */; };
		BE0C021518F3E96C004137CB /* UIKit.framework in Frameworks */ = {isa = PBXBuildFile; fileRef = BE0C021418F3E96C004137CB /* UIKit.framework */; };
		BE0C021B18F3E96D004137CB /* InfoPlist.strings in Resources */ = {isa = PBXBuildFile; fileRef = BE0C021918F3E96D004137CB /* InfoPlist.strings */; };
		BE0C021D18F3E96D004137CB /* main.m in Sources */ = {isa = PBXBuildFile; fileRef = BE0C021C18F3E96D004137CB /* main.m */; };
		BE0C022118F3E96D004137CB /* AppDelegate.m in Sources */ = {isa = PBXBuildFile; fileRef = BE0C022018F3E96D004137CB /* AppDelegate.m */; };
		BE0C022418F3E96D004137CB /* Main.storyboard in Resources */ = {isa = PBXBuildFile; fileRef = BE0C022218F3E96D004137CB /* Main.storyboard */; };
		BE0C022C18F3E96D004137CB /* Images.xcassets in Resources */ = {isa = PBXBuildFile; fileRef = BE0C022B18F3E96D004137CB /* Images.xcassets */; };
		BE0C023318F3E96D004137CB /* XCTest.framework in Frameworks */ = {isa = PBXBuildFile; fileRef = BE0C023218F3E96D004137CB /* XCTest.framework */; };
		BE0C023418F3E96D004137CB /* Foundation.framework in Frameworks */ = {isa = PBXBuildFile; fileRef = BE0C021018F3E96C004137CB /* Foundation.framework */; };
		BE0C023518F3E96D004137CB /* UIKit.framework in Frameworks */ = {isa = PBXBuildFile; fileRef = BE0C021418F3E96C004137CB /* UIKit.framework */; };
		BE0C023D18F3E96D004137CB /* InfoPlist.strings in Resources */ = {isa = PBXBuildFile; fileRef = BE0C023B18F3E96D004137CB /* InfoPlist.strings */; };
		BE0C023F18F3E96D004137CB /* HangInTests.m in Sources */ = {isa = PBXBuildFile; fileRef = BE0C023E18F3E96D004137CB /* HangInTests.m */; };
/* End PBXBuildFile section */

/* Begin PBXContainerItemProxy section */
		BE0C023618F3E96D004137CB /* PBXContainerItemProxy */ = {
			isa = PBXContainerItemProxy;
			containerPortal = BE0C020518F3E96C004137CB /* Project object */;
			proxyType = 1;
			remoteGlobalIDString = BE0C020C18F3E96C004137CB;
			remoteInfo = HangIn;
		};
/* End PBXContainerItemProxy section */

/* Begin PBXFileReference section */
		BE0C020D18F3E96C004137CB /* HangIn.app */ = {isa = PBXFileReference; explicitFileType = wrapper.application; includeInIndex = 0; path = HangIn.app; sourceTree = BUILT_PRODUCTS_DIR; };
		BE0C021018F3E96C004137CB /* Foundation.framework */ = {isa = PBXFileReference; lastKnownFileType = wrapper.framework; name = Foundation.framework; path = System/Library/Frameworks/Foundation.framework; sourceTree = SDKROOT; };
		BE0C021218F3E96C004137CB /* CoreGraphics.framework */ = {isa = PBXFileReference; lastKnownFileType = wrapper.framework; name = CoreGraphics.framework; path = System/Library/Frameworks/CoreGraphics.framework; sourceTree = SDKROOT; };
		BE0C021418F3E96C004137CB /* UIKit.framework */ = {isa = PBXFileReference; lastKnownFileType = wrapper.framework; name = UIKit.framework; path = System/Library/Frameworks/UIKit.framework; sourceTree = SDKROOT; };
		BE0C021818F3E96C004137CB /* HangIn-Info.plist */ = {isa = PBXFileReference; lastKnownFileType = text.plist.xml; path = "HangIn-Info.plist"; sourceTree = "<group>"; };
		BE0C021A18F3E96D004137CB /* en */ = {isa = PBXFileReference; lastKnownFileType = text.plist.strings; name = en; path = en.lproj/InfoPlist.strings; sourceTree = "<group>"; };
		BE0C021C18F3E96D004137CB /* main.m */ = {isa = PBXFileReference; lastKnownFileType = sourcecode.c.objc; path = main.m; sourceTree = "<group>"; };
		BE0C021E18F3E96D004137CB /* HangIn-Prefix.pch */ = {isa = PBXFileReference; lastKnownFileType = sourcecode.c.h; path = "HangIn-Prefix.pch"; sourceTree = "<group>"; };
		BE0C021F18F3E96D004137CB /* AppDelegate.h */ = {isa = PBXFileReference; lastKnownFileType = sourcecode.c.h; path = AppDelegate.h; sourceTree = "<group>"; };
		BE0C022018F3E96D004137CB /* AppDelegate.m */ = {isa = PBXFileReference; lastKnownFileType = sourcecode.c.objc; path = AppDelegate.m; sourceTree = "<group>"; };
		BE0C022318F3E96D004137CB /* Base */ = {isa = PBXFileReference; lastKnownFileType = file.storyboard; name = Base; path = Base.lproj/Main.storyboard; sourceTree = "<group>"; };
		BE0C022B18F3E96D004137CB /* Images.xcassets */ = {isa = PBXFileReference; lastKnownFileType = folder.assetcatalog; path = Images.xcassets; sourceTree = "<group>"; };
		BE0C023118F3E96D004137CB /* HangInTests.xctest */ = {isa = PBXFileReference; explicitFileType = wrapper.cfbundle; includeInIndex = 0; path = HangInTests.xctest; sourceTree = BUILT_PRODUCTS_DIR; };
		BE0C023218F3E96D004137CB /* XCTest.framework */ = {isa = PBXFileReference; lastKnownFileType = wrapper.framework; name = XCTest.framework; path = Library/Frameworks/XCTest.framework; sourceTree = DEVELOPER_DIR; };
		BE0C023A18F3E96D004137CB /* HangInTests-Info.plist */ = {isa = PBXFileReference; lastKnownFileType = text.plist.xml; path = "HangInTests-Info.plist"; sourceTree = "<group>"; };
		BE0C023C18F3E96D004137CB /* en */ = {isa = PBXFileReference; lastKnownFileType = text.plist.strings; name = en; path = en.lproj/InfoPlist.strings; sourceTree = "<group>"; };
		BE0C023E18F3E96D004137CB /* HangInTests.m */ = {isa = PBXFileReference; lastKnownFileType = sourcecode.c.objc; path = HangInTests.m; sourceTree = "<group>"; };
/* End PBXFileReference section */

/* Begin PBXFrameworksBuildPhase section */
		BE0C020A18F3E96C004137CB /* Frameworks */ = {
			isa = PBXFrameworksBuildPhase;
			buildActionMask = 2147483647;
			files = (
				BE0C021318F3E96C004137CB /* CoreGraphics.framework in Frameworks */,
				BE0C021518F3E96C004137CB /* UIKit.framework in Frameworks */,
				BE0C021118F3E96C004137CB /* Foundation.framework in Frameworks */,
			);
			runOnlyForDeploymentPostprocessing = 0;
		};
		BE0C022E18F3E96D004137CB /* Frameworks */ = {
			isa = PBXFrameworksBuildPhase;
			buildActionMask = 2147483647;
			files = (
				BE0C023318F3E96D004137CB /* XCTest.framework in Frameworks */,
				BE0C023518F3E96D004137CB /* UIKit.framework in Frameworks */,
				BE0C023418F3E96D004137CB /* Foundation.framework in Frameworks */,
			);
			runOnlyForDeploymentPostprocessing = 0;
		};
/* End PBXFrameworksBuildPhase section */

/* Begin PBXGroup section */
		BE0C020418F3E96C004137CB = {
			isa = PBXGroup;
			children = (
				BE0C021618F3E96C004137CB /* HangIn */,
				BE0C023818F3E96D004137CB /* HangInTests */,
				BE0C020F18F3E96C004137CB /* Frameworks */,
				BE0C020E18F3E96C004137CB /* Products */,
			);
			sourceTree = "<group>";
		};
		BE0C020E18F3E96C004137CB /* Products */ = {
			isa = PBXGroup;
			children = (
				BE0C020D18F3E96C004137CB /* HangIn.app */,
				BE0C023118F3E96D004137CB /* HangInTests.xctest */,
			);
			name = Products;
			sourceTree = "<group>";
		};
		BE0C020F18F3E96C004137CB /* Frameworks */ = {
			isa = PBXGroup;
			children = (
				BE0C021018F3E96C004137CB /* Foundation.framework */,
				BE0C021218F3E96C004137CB /* CoreGraphics.framework */,
				BE0C021418F3E96C004137CB /* UIKit.framework */,
				BE0C023218F3E96D004137CB /* XCTest.framework */,
			);
			name = Frameworks;
			sourceTree = "<group>";
		};
		BE0C021618F3E96C004137CB /* HangIn */ = {
			isa = PBXGroup;
			children = (
				BE0C021F18F3E96D004137CB /* AppDelegate.h */,
				BE0C022018F3E96D004137CB /* AppDelegate.m */,
				BE0C022218F3E96D004137CB /* Main.storyboard */,
				BE0C022B18F3E96D004137CB /* Images.xcassets */,
				BE0C021718F3E96C004137CB /* Supporting Files */,
			);
			path = HangIn;
			sourceTree = "<group>";
		};
		BE0C021718F3E96C004137CB /* Supporting Files */ = {
			isa = PBXGroup;
			children = (
				BE0C021818F3E96C004137CB /* HangIn-Info.plist */,
				BE0C021918F3E96D004137CB /* InfoPlist.strings */,
				BE0C021C18F3E96D004137CB /* main.m */,
				BE0C021E18F3E96D004137CB /* HangIn-Prefix.pch */,
			);
			name = "Supporting Files";
			sourceTree = "<group>";
		};
		BE0C023818F3E96D004137CB /* HangInTests */ = {
			isa = PBXGroup;
			children = (
				BE0C023E18F3E96D004137CB /* HangInTests.m */,
				BE0C023918F3E96D004137CB /* Supporting Files */,
			);
			path = HangInTests;
			sourceTree = "<group>";
		};
		BE0C023918F3E96D004137CB /* Supporting Files */ = {
			isa = PBXGroup;
			children = (
				BE0C023A18F3E96D004137CB /* HangInTests-Info.plist */,
				BE0C023B18F3E96D004137CB /* InfoPlist.strings */,
			);
			name = "Supporting Files";
			sourceTree = "<group>";
		};
/* End PBXGroup section */

/* Begin PBXNativeTarget section */
		BE0C020C18F3E96C004137CB /* HangIn */ = {
			isa = PBXNativeTarget;
			buildConfigurationList = BE0C024218F3E96D004137CB /* Build configuration list for PBXNativeTarget "HangIn" */;
			buildPhases = (
				BE0C020918F3E96C004137CB /* Sources */,
				BE0C020A18F3E96C004137CB /* Frameworks */,
				BE0C020B18F3E96C004137CB /* Resources */,
			);
			buildRules = (
			);
			dependencies = (
			);
			name = HangIn;
			productName = HangIn;
			productReference = BE0C020D18F3E96C004137CB /* HangIn.app */;
			productType = "com.apple.product-type.application";
		};
		BE0C023018F3E96D004137CB /* HangInTests */ = {
			isa = PBXNativeTarget;
			buildConfigurationList = BE0C024518F3E96D004137CB /* Build configuration list for PBXNativeTarget "HangInTests" */;
			buildPhases = (
				BE0C022D18F3E96D004137CB /* Sources */,
				BE0C022E18F3E96D004137CB /* Frameworks */,
				BE0C022F18F3E96D004137CB /* Resources */,
			);
			buildRules = (
			);
			dependencies = (
				BE0C023718F3E96D004137CB /* PBXTargetDependency */,
			);
			name = HangInTests;
			productName = HangInTests;
			productReference = BE0C023118F3E96D004137CB /* HangInTests.xctest */;
			productType = "com.apple.product-type.bundle.unit-test";
		};
/* End PBXNativeTarget section */

/* Begin PBXProject section */
		BE0C020518F3E96C004137CB /* Project object */ = {
			isa = PBXProject;
			attributes = {
				LastUpgradeCheck = 0500;
				ORGANIZATIONNAME = "Dhammini Fernando";
				TargetAttributes = {
					BE0C023018F3E96D004137CB = {
						TestTargetID = BE0C020C18F3E96C004137CB;
					};
				};
			};
			buildConfigurationList = BE0C020818F3E96C004137CB /* Build configuration list for PBXProject "HangIn" */;
			compatibilityVersion = "Xcode 3.2";
			developmentRegion = English;
			hasScannedForEncodings = 0;
			knownRegions = (
				en,
				Base,
			);
			mainGroup = BE0C020418F3E96C004137CB;
			productRefGroup = BE0C020E18F3E96C004137CB /* Products */;
			projectDirPath = "";
			projectRoot = "";
			targets = (
				BE0C020C18F3E96C004137CB /* HangIn */,
				BE0C023018F3E96D004137CB /* HangInTests */,
			);
		};
/* End PBXProject section */

/* Begin PBXResourcesBuildPhase section */
		BE0C020B18F3E96C004137CB /* Resources */ = {
			isa = PBXResourcesBuildPhase;
			buildActionMask = 2147483647;
			files = (
				BE0C022C18F3E96D004137CB /* Images.xcassets in Resources */,
				BE0C021B18F3E96D004137CB /* InfoPlist.strings in Resources */,
				BE0C022418F3E96D004137CB /* Main.storyboard in Resources */,
			);
			runOnlyForDeploymentPostprocessing = 0;
		};
		BE0C022F18F3E96D004137CB /* Resources */ = {
			isa = PBXResourcesBuildPhase;
			buildActionMask = 2147483647;
			files = (
				BE0C023D18F3E96D004137CB /* InfoPlist.strings in Resources */,
			);
			runOnlyForDeploymentPostprocessing = 0;
		};
/* End PBXResourcesBuildPhase section */

/* Begin PBXSourcesBuildPhase section */
		BE0C020918F3E96C004137CB /* Sources */ = {
			isa = PBXSourcesBuildPhase;
			buildActionMask = 2147483647;
			files = (
				BE0C022118F3E96D004137CB /* AppDelegate.m in Sources */,
				BE0C021D18F3E96D004137CB /* main.m in Sources */,
			);
			runOnlyForDeploymentPostprocessing = 0;
		};
		BE0C022D18F3E96D004137CB /* Sources */ = {
			isa = PBXSourcesBuildPhase;
			buildActionMask = 2147483647;
			files = (
				BE0C023F18F3E96D004137CB /* HangInTests.m in Sources */,
			);
			runOnlyForDeploymentPostprocessing = 0;
		};
/* End PBXSourcesBuildPhase section */

/* Begin PBXTargetDependency section */
		BE0C023718F3E96D004137CB /* PBXTargetDependency */ = {
			isa = PBXTargetDependency;
			target = BE0C020C18F3E96C004137CB /* HangIn */;
			targetProxy = BE0C023618F3E96D004137CB /* PBXContainerItemProxy */;
		};
/* End PBXTargetDependency section */

/* Begin PBXVariantGroup section */
		BE0C021918F3E96D004137CB /* InfoPlist.strings */ = {
			isa = PBXVariantGroup;
			children = (
				BE0C021A18F3E96D004137CB /* en */,
			);
			name = InfoPlist.strings;
			sourceTree = "<group>";
		};
		BE0C022218F3E96D004137CB /* Main.storyboard */ = {
			isa = PBXVariantGroup;
			children = (
				BE0C022318F3E96D004137CB /* Base */,
			);
			name = Main.storyboard;
			sourceTree = "<group>";
		};
		BE0C023B18F3E96D004137CB /* InfoPlist.strings */ = {
			isa = PBXVariantGroup;
			children = (
				BE0C023C18F3E96D004137CB /* en */,
			);
			name = InfoPlist.strings;
			sourceTree = "<group>";
		};
/* End PBXVariantGroup section */

/* Begin XCBuildConfiguration section */
		BE0C024018F3E96D004137CB /* Debug */ = {
			isa = XCBuildConfiguration;
			buildSettings = {
				ALWAYS_SEARCH_USER_PATHS = NO;
				ARCHS = "$(ARCHS_STANDARD_INCLUDING_64_BIT)";
				CLANG_CXX_LANGUAGE_STANDARD = "gnu++0x";
				CLANG_CXX_LIBRARY = "libc++";
				CLANG_ENABLE_MODULES = YES;
				CLANG_ENABLE_OBJC_ARC = YES;
				CLANG_WARN_BOOL_CONVERSION = YES;
				CLANG_WARN_CONSTANT_CONVERSION = YES;
				CLANG_WARN_DIRECT_OBJC_ISA_USAGE = YES_ERROR;
				CLANG_WARN_EMPTY_BODY = YES;
				CLANG_WARN_ENUM_CONVERSION = YES;
				CLANG_WARN_INT_CONVERSION = YES;
				CLANG_WARN_OBJC_ROOT_CLASS = YES_ERROR;
				CLANG_WARN__DUPLICATE_METHOD_MATCH = YES;
				"CODE_SIGN_IDENTITY[sdk=iphoneos*]" = "iPhone Developer";
				COPY_PHASE_STRIP = NO;
				GCC_C_LANGUAGE_STANDARD = gnu99;
				GCC_DYNAMIC_NO_PIC = NO;
				GCC_OPTIMIZATION_LEVEL = 0;
				GCC_PREPROCESSOR_DEFINITIONS = (
					"DEBUG=1",
					"$(inherited)",
				);
				GCC_SYMBOLS_PRIVATE_EXTERN = NO;
				GCC_WARN_64_TO_32_BIT_CONVERSION = YES;
				GCC_WARN_ABOUT_RETURN_TYPE = YES_ERROR;
				GCC_WARN_UNDECLARED_SELECTOR = YES;
				GCC_WARN_UNINITIALIZED_AUTOS = YES;
				GCC_WARN_UNUSED_FUNCTION = YES;
				GCC_WARN_UNUSED_VARIABLE = YES;
				IPHONEOS_DEPLOYMENT_TARGET = 7.0;
				ONLY_ACTIVE_ARCH = YES;
				SDKROOT = iphoneos;
			};
			name = Debug;
		};
		BE0C024118F3E96D004137CB /* Release */ = {
			isa = XCBuildConfiguration;
			buildSettings = {
				ALWAYS_SEARCH_USER_PATHS = NO;
				ARCHS = "$(ARCHS_STANDARD_INCLUDING_64_BIT)";
				CLANG_CXX_LANGUAGE_STANDARD = "gnu++0x";
				CLANG_CXX_LIBRARY = "libc++";
				CLANG_ENABLE_MODULES = YES;
				CLANG_ENABLE_OBJC_ARC = YES;
				CLANG_WARN_BOOL_CONVERSION = YES;
				CLANG_WARN_CONSTANT_CONVERSION = YES;
				CLANG_WARN_DIRECT_OBJC_ISA_USAGE = YES_ERROR;
				CLANG_WARN_EMPTY_BODY = YES;
				CLANG_WARN_ENUM_CONVERSION = YES;
				CLANG_WARN_INT_CONVERSION = YES;
				CLANG_WARN_OBJC_ROOT_CLASS = YES_ERROR;
				CLANG_WARN__DUPLICATE_METHOD_MATCH = YES;
				"CODE_SIGN_IDENTITY[sdk=iphoneos*]" = "iPhone Developer";
				COPY_PHASE_STRIP = YES;
				ENABLE_NS_ASSERTIONS = NO;
				GCC_C_LANGUAGE_STANDARD = gnu99;
				GCC_WARN_64_TO_32_BIT_CONVERSION = YES;
				GCC_WARN_ABOUT_RETURN_TYPE = YES_ERROR;
				GCC_WARN_UNDECLARED_SELECTOR = YES;
				GCC_WARN_UNINITIALIZED_AUTOS = YES;
				GCC_WARN_UNUSED_FUNCTION = YES;
				GCC_WARN_UNUSED_VARIABLE = YES;
				IPHONEOS_DEPLOYMENT_TARGET = 7.0;
				SDKROOT = iphoneos;
				VALIDATE_PRODUCT = YES;
			};
			name = Release;
		};
		BE0C024318F3E96D004137CB /* Debug */ = {
			isa = XCBuildConfiguration;
			buildSettings = {
				ASSETCATALOG_COMPILER_APPICON_NAME = AppIcon;
				ASSETCATALOG_COMPILER_LAUNCHIMAGE_NAME = LaunchImage;
				GCC_PRECOMPILE_PREFIX_HEADER = YES;
				GCC_PREFIX_HEADER = "HangIn/HangIn-Prefix.pch";
				INFOPLIST_FILE = "HangIn/HangIn-Info.plist";
				PRODUCT_NAME = "$(TARGET_NAME)";
				WRAPPER_EXTENSION = app;
			};
			name = Debug;
		};
		BE0C024418F3E96D004137CB /* Release */ = {
			isa = XCBuildConfiguration;
			buildSettings = {
				ASSETCATALOG_COMPILER_APPICON_NAME = AppIcon;
				ASSETCATALOG_COMPILER_LAUNCHIMAGE_NAME = LaunchImage;
				GCC_PRECOMPILE_PREFIX_HEADER = YES;
				GCC_PREFIX_HEADER = "HangIn/HangIn-Prefix.pch";
				INFOPLIST_FILE = "HangIn/HangIn-Info.plist";
				PRODUCT_NAME = "$(TARGET_NAME)";
				WRAPPER_EXTENSION = app;
			};
			name = Release;
		};
		BE0C024618F3E96D004137CB /* Debug */ = {
			isa = XCBuildConfiguration;
			buildSettings = {
				ARCHS = "$(ARCHS_STANDARD_INCLUDING_64_BIT)";
				BUNDLE_LOADER = "$(BUILT_PRODUCTS_DIR)/HangIn.app/HangIn";
				FRAMEWORK_SEARCH_PATHS = (
					"$(SDKROOT)/Developer/Library/Frameworks",
					"$(inherited)",
					"$(DEVELOPER_FRAMEWORKS_DIR)",
				);
				GCC_PRECOMPILE_PREFIX_HEADER = YES;
				GCC_PREFIX_HEADER = "HangIn/HangIn-Prefix.pch";
				GCC_PREPROCESSOR_DEFINITIONS = (
					"DEBUG=1",
					"$(inherited)",
				);
				INFOPLIST_FILE = "HangInTests/HangInTests-Info.plist";
				PRODUCT_NAME = "$(TARGET_NAME)";
				TEST_HOST = "$(BUNDLE_LOADER)";
				WRAPPER_EXTENSION = xctest;
			};
			name = Debug;
		};
		BE0C024718F3E96D004137CB /* Release */ = {
			isa = XCBuildConfiguration;
			buildSettings = {
				ARCHS = "$(ARCHS_STANDARD_INCLUDING_64_BIT)";
				BUNDLE_LOADER = "$(BUILT_PRODUCTS_DIR)/HangIn.app/HangIn";
				FRAMEWORK_SEARCH_PATHS = (
					"$(SDKROOT)/Developer/Library/Frameworks",
					"$(inherited)",
					"$(DEVELOPER_FRAMEWORKS_DIR)",
				);
				GCC_PRECOMPILE_PREFIX_HEADER = YES;
				GCC_PREFIX_HEADER = "HangIn/HangIn-Prefix.pch";
				INFOPLIST_FILE = "HangInTests/HangInTests-Info.plist";
				PRODUCT_NAME = "$(TARGET_NAME)";
				TEST_HOST = "$(BUNDLE_LOADER)";
				WRAPPER_EXTENSION = xctest;
			};
			name = Release;
		};
/* End XCBuildConfiguration section */

/* Begin XCConfigurationList section */
		BE0C020818F3E96C004137CB /* Build configuration list for PBXProject "HangIn" */ = {
			isa = XCConfigurationList;
			buildConfigurations = (
				BE0C024018F3E96D004137CB /* Debug */,
				BE0C024118F3E96D004137CB /* Release */,
			);
			defaultConfigurationIsVisible = 0;
			defaultConfigurationName = Release;
		};
		BE0C024218F3E96D004137CB /* Build configuration list for PBXNativeTarget "HangIn" */ = {
			isa = XCConfigurationList;
			buildConfigurations = (
				BE0C024318F3E96D004137CB /* Debug */,
				BE0C024418F3E96D004137CB /* Release */,
			);
			defaultConfigurationIsVisible = 0;
		};
		BE0C024518F3E96D004137CB /* Build configuration list for PBXNativeTarget "HangInTests" */ = {
			isa = XCConfigurationList;
			buildConfigurations = (
				BE0C024618F3E96D004137CB /* Debug */,
				BE0C024718F3E96D004137CB /* Release */,
			);
			defaultConfigurationIsVisible = 0;
		};
/* End XCConfigurationList section */
	};
	rootObject = BE0C020518F3E96C004137CB /* Project object */;
}
