// !$*UTF8*$!
{
	archiveVersion = 1;
	classes = {
	};
	objectVersion = 46;
	objects = {

/* Begin PBXBuildFile section */
		87249EF518E153F7008363BE /* UIViewController+Utilities.m in Sources */ = {isa = PBXBuildFile; fileRef = 87249EF418E153F7008363BE /* UIViewController+Utilities.m */; };
		87249EF818E15964008363BE /* ScannerViewController.m in Sources */ = {isa = PBXBuildFile; fileRef = 87249EF718E15964008363BE /* ScannerViewController.m */; };
		8743FADC18F3D94200447EBF /* bitstream.c in Sources */ = {isa = PBXBuildFile; fileRef = 8743FACC18F3D94200447EBF /* bitstream.c */; };
		8743FADD18F3D94200447EBF /* mask.c in Sources */ = {isa = PBXBuildFile; fileRef = 8743FACE18F3D94200447EBF /* mask.c */; };
		8743FADE18F3D94200447EBF /* qrenc.c in Sources */ = {isa = PBXBuildFile; fileRef = 8743FAD018F3D94200447EBF /* qrenc.c */; };
		8743FADF18F3D94200447EBF /* qrencode.c in Sources */ = {isa = PBXBuildFile; fileRef = 8743FAD218F3D94200447EBF /* qrencode.c */; };
		8743FAE018F3D94200447EBF /* qrinput.c in Sources */ = {isa = PBXBuildFile; fileRef = 8743FAD418F3D94200447EBF /* qrinput.c */; };
		8743FAE118F3D94200447EBF /* qrspec.c in Sources */ = {isa = PBXBuildFile; fileRef = 8743FAD618F3D94200447EBF /* qrspec.c */; };
		8743FAE218F3D94200447EBF /* rscode.c in Sources */ = {isa = PBXBuildFile; fileRef = 8743FAD818F3D94200447EBF /* rscode.c */; };
		8743FAE318F3D94200447EBF /* split.c in Sources */ = {isa = PBXBuildFile; fileRef = 8743FADA18F3D94200447EBF /* split.c */; };
		87554C9618F81A5A00A6D544 /* QRViewController.m in Sources */ = {isa = PBXBuildFile; fileRef = 87554C9518F81A5A00A6D544 /* QRViewController.m */; };
		875CB16718DC159E008FE5CA /* QuartzCore.framework in Frameworks */ = {isa = PBXBuildFile; fileRef = 875CB16618DC159E008FE5CA /* QuartzCore.framework */; };
		875CB16918DC15A6008FE5CA /* AudioToolbox.framework in Frameworks */ = {isa = PBXBuildFile; fileRef = 875CB16818DC15A6008FE5CA /* AudioToolbox.framework */; };
		875CB16B18DC15AE008FE5CA /* CFNetwork.framework in Frameworks */ = {isa = PBXBuildFile; fileRef = 875CB16A18DC15AE008FE5CA /* CFNetwork.framework */; };
		875CB16D18DC15C0008FE5CA /* CoreLocation.framework in Frameworks */ = {isa = PBXBuildFile; fileRef = 875CB16C18DC15C0008FE5CA /* CoreLocation.framework */; };
		875CB16F18DC15D6008FE5CA /* libz.1.2.5.dylib in Frameworks */ = {isa = PBXBuildFile; fileRef = 875CB16E18DC15D6008FE5CA /* libz.1.2.5.dylib */; };
		875CB17118DC15DD008FE5CA /* MobileCoreServices.framework in Frameworks */ = {isa = PBXBuildFile; fileRef = 875CB17018DC15DD008FE5CA /* MobileCoreServices.framework */; };
		875CB17318DC15E5008FE5CA /* Security.framework in Frameworks */ = {isa = PBXBuildFile; fileRef = 875CB17218DC15E4008FE5CA /* Security.framework */; };
		875CB17518DC15EF008FE5CA /* StoreKit.framework in Frameworks */ = {isa = PBXBuildFile; fileRef = 875CB17418DC15EF008FE5CA /* StoreKit.framework */; };
		875CB17718DC15FB008FE5CA /* SystemConfiguration.framework in Frameworks */ = {isa = PBXBuildFile; fileRef = 875CB17618DC15FB008FE5CA /* SystemConfiguration.framework */; };
		875CB17918DC1619008FE5CA /* Accounts.framework in Frameworks */ = {isa = PBXBuildFile; fileRef = 875CB17818DC1619008FE5CA /* Accounts.framework */; };
		875CB17B18DC1624008FE5CA /* AdSupport.framework in Frameworks */ = {isa = PBXBuildFile; fileRef = 875CB17A18DC1624008FE5CA /* AdSupport.framework */; };
		875CB17D18DC164B008FE5CA /* libsqlite3.dylib in Frameworks */ = {isa = PBXBuildFile; fileRef = 875CB17C18DC164B008FE5CA /* libsqlite3.dylib */; };
		875CB17F18DC1655008FE5CA /* Social.framework in Frameworks */ = {isa = PBXBuildFile; fileRef = 875CB17E18DC1655008FE5CA /* Social.framework */; };
		875CB18418DC1876008FE5CA /* InviteTabBar.m in Sources */ = {isa = PBXBuildFile; fileRef = 875CB18318DC1876008FE5CA /* InviteTabBar.m */; };
		877C764F18DC343E004124CB /* InviteLoginViewController.m in Sources */ = {isa = PBXBuildFile; fileRef = 877C764E18DC343E004124CB /* InviteLoginViewController.m */; };
		877C765618DC375C004124CB /* InviteSignupViewController.m in Sources */ = {isa = PBXBuildFile; fileRef = 877C765518DC375C004124CB /* InviteSignupViewController.m */; };
		8785B06E18EAD47900013FA1 /* StaticMapViewViewController.m in Sources */ = {isa = PBXBuildFile; fileRef = 8785B06D18EAD47900013FA1 /* StaticMapViewViewController.m */; };
		878A997E18E010B300DACA62 /* invite.png in Resources */ = {isa = PBXBuildFile; fileRef = 878A997D18E010B300DACA62 /* invite.png */; };
		BE4043A118ED542600DECAD4 /* TITokenField.m in Sources */ = {isa = PBXBuildFile; fileRef = BE40439F18ED542600DECAD4 /* TITokenField.m */; };
		BED0934E18DADA49002F2954 /* Foundation.framework in Frameworks */ = {isa = PBXBuildFile; fileRef = BED0934D18DADA49002F2954 /* Foundation.framework */; };
		BED0935018DADA49002F2954 /* CoreGraphics.framework in Frameworks */ = {isa = PBXBuildFile; fileRef = BED0934F18DADA49002F2954 /* CoreGraphics.framework */; };
		BED0935218DADA49002F2954 /* UIKit.framework in Frameworks */ = {isa = PBXBuildFile; fileRef = BED0935118DADA49002F2954 /* UIKit.framework */; };
		BED0935418DADA49002F2954 /* CoreData.framework in Frameworks */ = {isa = PBXBuildFile; fileRef = BED0935318DADA49002F2954 /* CoreData.framework */; };
		BED0935A18DADA49002F2954 /* InfoPlist.strings in Resources */ = {isa = PBXBuildFile; fileRef = BED0935818DADA49002F2954 /* InfoPlist.strings */; };
		BED0935C18DADA49002F2954 /* main.m in Sources */ = {isa = PBXBuildFile; fileRef = BED0935B18DADA49002F2954 /* main.m */; };
		BED0936018DADA49002F2954 /* AppDelegate.m in Sources */ = {isa = PBXBuildFile; fileRef = BED0935F18DADA49002F2954 /* AppDelegate.m */; };
		BED0936318DADA49002F2954 /* Invite.xcdatamodeld in Sources */ = {isa = PBXBuildFile; fileRef = BED0936118DADA49002F2954 /* Invite.xcdatamodeld */; };
		BED0936518DADA49002F2954 /* Images.xcassets in Resources */ = {isa = PBXBuildFile; fileRef = BED0936418DADA49002F2954 /* Images.xcassets */; };
		BED0936C18DADA4A002F2954 /* XCTest.framework in Frameworks */ = {isa = PBXBuildFile; fileRef = BED0936B18DADA4A002F2954 /* XCTest.framework */; };
		BED0936D18DADA4A002F2954 /* Foundation.framework in Frameworks */ = {isa = PBXBuildFile; fileRef = BED0934D18DADA49002F2954 /* Foundation.framework */; };
		BED0936E18DADA4A002F2954 /* UIKit.framework in Frameworks */ = {isa = PBXBuildFile; fileRef = BED0935118DADA49002F2954 /* UIKit.framework */; };
		BED0936F18DADA4A002F2954 /* CoreData.framework in Frameworks */ = {isa = PBXBuildFile; fileRef = BED0935318DADA49002F2954 /* CoreData.framework */; };
		BED0937718DADA4A002F2954 /* InfoPlist.strings in Resources */ = {isa = PBXBuildFile; fileRef = BED0937518DADA4A002F2954 /* InfoPlist.strings */; };
		BED0937918DADA4A002F2954 /* InviteTests.m in Sources */ = {isa = PBXBuildFile; fileRef = BED0937818DADA4A002F2954 /* InviteTests.m */; };
		BED0938B18DADBE7002F2954 /* InboxViewController.m in Sources */ = {isa = PBXBuildFile; fileRef = BED0938A18DADBE7002F2954 /* InboxViewController.m */; };
		BED0938D18DADC02002F2954 /* MainStoryboard.storyboard in Resources */ = {isa = PBXBuildFile; fileRef = BED0938C18DADC02002F2954 /* MainStoryboard.storyboard */; };
		BED0939018DAE738002F2954 /* OutboxViewController.m in Sources */ = {isa = PBXBuildFile; fileRef = BED0938F18DAE738002F2954 /* OutboxViewController.m */; };
		BEE64EDA1918E55B00AC9A19 /* mapPopupViewController.m in Sources */ = {isa = PBXBuildFile; fileRef = BEE64ED61918E55B00AC9A19 /* mapPopupViewController.m */; };
		BEE64EDB1918E55B00AC9A19 /* mapPopupViewController.xib in Resources */ = {isa = PBXBuildFile; fileRef = BEE64ED71918E55B00AC9A19 /* mapPopupViewController.xib */; };
		DB0730E418F96FE9002E2830 /* Parse.framework in Frameworks */ = {isa = PBXBuildFile; fileRef = DB0730E318F96FE9002E2830 /* Parse.framework */; };
		DB7C8BA818FD37D400B060DC /* MJPopupBackgroundView.m in Sources */ = {isa = PBXBuildFile; fileRef = DB7C8BA718FD37D400B060DC /* MJPopupBackgroundView.m */; };
		DB7C8BAB18FD3EF300B060DC /* UIViewController+MJPopupViewController.m in Sources */ = {isa = PBXBuildFile; fileRef = DB7C8BAA18FD3EF300B060DC /* UIViewController+MJPopupViewController.m */; };
		DBA92C4818FA6BE300BC1E15 /* icon_calender_white.png in Resources */ = {isa = PBXBuildFile; fileRef = DBA92C4718FA6BE300BC1E15 /* icon_calender_white.png */; };
		DBA92C4A18FA6C6B00BC1E15 /* icon_contact_white.png in Resources */ = {isa = PBXBuildFile; fileRef = DBA92C4918FA6C6B00BC1E15 /* icon_contact_white.png */; };
		DBA92C4C18FA6CC900BC1E15 /* icon_location_white.png in Resources */ = {isa = PBXBuildFile; fileRef = DBA92C4B18FA6CC900BC1E15 /* icon_location_white.png */; };
		DBA92C5018FA7DDE00BC1E15 /* icon_qr_white.png in Resources */ = {isa = PBXBuildFile; fileRef = DBA92C4F18FA7DDE00BC1E15 /* icon_qr_white.png */; };
		DBA92C5818FA82DA00BC1E15 /* cell-background_320.png in Resources */ = {isa = PBXBuildFile; fileRef = DBA92C5618FA82DA00BC1E15 /* cell-background_320.png */; };
		DBA92C5918FA82DA00BC1E15 /* cell-background_640.png in Resources */ = {isa = PBXBuildFile; fileRef = DBA92C5718FA82DA00BC1E15 /* cell-background_640.png */; };
		DBA92C5E18FA9B7200BC1E15 /* icon_location_blue.png in Resources */ = {isa = PBXBuildFile; fileRef = DBA92C5B18FA9B7200BC1E15 /* icon_location_blue.png */; };
		DBA92C5F18FA9B7200BC1E15 /* icon_qr_blue.png in Resources */ = {isa = PBXBuildFile; fileRef = DBA92C5C18FA9B7200BC1E15 /* icon_qr_blue.png */; };
		DBA92C6118FA9BD600BC1E15 /* icon_contact_blue.png in Resources */ = {isa = PBXBuildFile; fileRef = DBA92C6018FA9BD600BC1E15 /* icon_contact_blue.png */; };
		DBA92C6418FAA06D00BC1E15 /* icon_notification_green.png in Resources */ = {isa = PBXBuildFile; fileRef = DBA92C6218FAA06D00BC1E15 /* icon_notification_green.png */; };
		DBA92C6518FAA06D00BC1E15 /* icon_notification_red.png in Resources */ = {isa = PBXBuildFile; fileRef = DBA92C6318FAA06D00BC1E15 /* icon_notification_red.png */; };
		DBA92C6718FAA22200BC1E15 /* icon_notification_blue.png in Resources */ = {isa = PBXBuildFile; fileRef = DBA92C6618FAA22200BC1E15 /* icon_notification_blue.png */; };
		DBA92C6918FAA4DF00BC1E15 /* icon_qr_black_blue.png in Resources */ = {isa = PBXBuildFile; fileRef = DBA92C6818FAA4DF00BC1E15 /* icon_qr_black_blue.png */; };
		DBA92C7D18FAEC8300BC1E15 /* RNGridMenu.m in Sources */ = {isa = PBXBuildFile; fileRef = DBA92C7C18FAEC8300BC1E15 /* RNGridMenu.m */; };
		DBA92C8218FAECD500BC1E15 /* icon_call_white.png in Resources */ = {isa = PBXBuildFile; fileRef = DBA92C7F18FAECD500BC1E15 /* icon_call_white.png */; };
		DBA92C8318FAECD500BC1E15 /* icon_email_white.png in Resources */ = {isa = PBXBuildFile; fileRef = DBA92C8018FAECD500BC1E15 /* icon_email_white.png */; };
		DBA92C8418FAECD500BC1E15 /* icon_message_white.png in Resources */ = {isa = PBXBuildFile; fileRef = DBA92C8118FAECD500BC1E15 /* icon_message_white.png */; };
		DBD4245A18F984C400F668FB /* partybackground.png in Resources */ = {isa = PBXBuildFile; fileRef = DBD4245918F984C400F668FB /* partybackground.png */; };
		DBD4245E18F995A200F668FB /* 4-background_480*320_2.png in Resources */ = {isa = PBXBuildFile; fileRef = DBD4245B18F995A200F668FB /* 4-background_480*320_2.png */; };
		DBD4245F18F995A200F668FB /* 4-background_960*640_2.png in Resources */ = {isa = PBXBuildFile; fileRef = DBD4245C18F995A200F668FB /* 4-background_960*640_2.png */; };
		DBD4246018F995A200F668FB /* 5S-background_1136*640_2.png in Resources */ = {isa = PBXBuildFile; fileRef = DBD4245D18F995A200F668FB /* 5S-background_1136*640_2.png */; };
		DBD4246518F9A08400F668FB /* icon_location.png in Resources */ = {isa = PBXBuildFile; fileRef = DBD4246418F9A08400F668FB /* icon_location.png */; };
		DBD4246918F9A8D000F668FB /* 4-background_480*320_1.png in Resources */ = {isa = PBXBuildFile; fileRef = DBD4246618F9A8D000F668FB /* 4-background_480*320_1.png */; };
		DBD4246A18F9A8D000F668FB /* 4-background_960*640_1.png in Resources */ = {isa = PBXBuildFile; fileRef = DBD4246718F9A8D000F668FB /* 4-background_960*640_1.png */; };
		DBD4246B18F9A8D000F668FB /* 5S-background_1136*640_1.png in Resources */ = {isa = PBXBuildFile; fileRef = DBD4246818F9A8D000F668FB /* 5S-background_1136*640_1.png */; };
		DBD4246F18F9A9E200F668FB /* 4-background_480*320_4.png in Resources */ = {isa = PBXBuildFile; fileRef = DBD4246C18F9A9E200F668FB /* 4-background_480*320_4.png */; };
		DBD4247018F9A9E200F668FB /* 4-background_960*640_4.png in Resources */ = {isa = PBXBuildFile; fileRef = DBD4246D18F9A9E200F668FB /* 4-background_960*640_4.png */; };
		DBD4247118F9A9E200F668FB /* 5S-background_1136*640_4.png in Resources */ = {isa = PBXBuildFile; fileRef = DBD4246E18F9A9E200F668FB /* 5S-background_1136*640_4.png */; };
		DBD4247318F9AC8700F668FB /* icon_calender.png in Resources */ = {isa = PBXBuildFile; fileRef = DBD4247218F9AC8700F668FB /* icon_calender.png */; };
		DBD4247518F9AED800F668FB /* icon_call.png in Resources */ = {isa = PBXBuildFile; fileRef = DBD4247418F9AED800F668FB /* icon_call.png */; };
		E33695081902929700D904D8 /* OutBoxInvitationViewController.m in Sources */ = {isa = PBXBuildFile; fileRef = E33695071902929700D904D8 /* OutBoxInvitationViewController.m */; };
		E363E8D618E59E6E00B07D6C /* MapKit.framework in Frameworks */ = {isa = PBXBuildFile; fileRef = E363E8D518E59E6E00B07D6C /* MapKit.framework */; };
		E36F9BD818E7381700400FD1 /* InBoxInvitationViewController.m in Sources */ = {isa = PBXBuildFile; fileRef = E36F9BD718E7381700400FD1 /* InBoxInvitationViewController.m */; };
		E3A766221904525E00212DE3 /* FeedBackViewController.m in Sources */ = {isa = PBXBuildFile; fileRef = E3A7661F1904525E00212DE3 /* FeedBackViewController.m */; };
		E3A766231904525E00212DE3 /* FeedBackTableViewCell.m in Sources */ = {isa = PBXBuildFile; fileRef = E3A766211904525E00212DE3 /* FeedBackTableViewCell.m */; };
		E3A76626190454B800212DE3 /* thumbsUp.png in Resources */ = {isa = PBXBuildFile; fileRef = E3A76624190454B800212DE3 /* thumbsUp.png */; };
		E3A76627190454B800212DE3 /* notSure.png in Resources */ = {isa = PBXBuildFile; fileRef = E3A76625190454B800212DE3 /* notSure.png */; };
		E3A7662919045FED00212DE3 /* thumbsDown.png in Resources */ = {isa = PBXBuildFile; fileRef = E3A7662819045FED00212DE3 /* thumbsDown.png */; };
		E3B5D10718E9A20D00496C3A /* EditableMapViewViewController.m in Sources */ = {isa = PBXBuildFile; fileRef = E3B5D10618E9A20D00496C3A /* EditableMapViewViewController.m */; };
		E3E3E5A618E7FA6100A2BB76 /* InboxCustomCell.m in Sources */ = {isa = PBXBuildFile; fileRef = E3E3E5A518E7FA6100A2BB76 /* InboxCustomCell.m */; };
		E3E3E5A818E806E100A2BB76 /* log.png in Resources */ = {isa = PBXBuildFile; fileRef = E3E3E5A718E806E100A2BB76 /* log.png */; };
		E3E3E5AB18E8087D00A2BB76 /* OutBoxCustomCell.m in Sources */ = {isa = PBXBuildFile; fileRef = E3E3E5AA18E8087D00A2BB76 /* OutBoxCustomCell.m */; };
		E3EED59218E49D790003D133 /* TemplateCell.m in Sources */ = {isa = PBXBuildFile; fileRef = E3EED59118E49D790003D133 /* TemplateCell.m */; };
		E3EED59518E49E860003D133 /* TemplateViewController.m in Sources */ = {isa = PBXBuildFile; fileRef = E3EED59418E49E860003D133 /* TemplateViewController.m */; };
		E3F778B418E5560F00CBB401 /* ComposeNewInviteViewController.m in Sources */ = {isa = PBXBuildFile; fileRef = E3F778B318E5560F00CBB401 /* ComposeNewInviteViewController.m */; };
/* End PBXBuildFile section */

/* Begin PBXContainerItemProxy section */
		BED0937018DADA4A002F2954 /* PBXContainerItemProxy */ = {
			isa = PBXContainerItemProxy;
			containerPortal = BED0934218DADA49002F2954 /* Project object */;
			proxyType = 1;
			remoteGlobalIDString = BED0934918DADA49002F2954;
			remoteInfo = Invite;
		};
/* End PBXContainerItemProxy section */

/* Begin PBXFileReference section */
		87249EF318E153F7008363BE /* UIViewController+Utilities.h */ = {isa = PBXFileReference; fileEncoding = 4; lastKnownFileType = sourcecode.c.h; path = "UIViewController+Utilities.h"; sourceTree = "<group>"; };
		87249EF418E153F7008363BE /* UIViewController+Utilities.m */ = {isa = PBXFileReference; fileEncoding = 4; lastKnownFileType = sourcecode.c.objc; path = "UIViewController+Utilities.m"; sourceTree = "<group>"; };
		87249EF618E15964008363BE /* ScannerViewController.h */ = {isa = PBXFileReference; fileEncoding = 4; lastKnownFileType = sourcecode.c.h; name = ScannerViewController.h; path = ../ScannerViewController.h; sourceTree = "<group>"; };
		87249EF718E15964008363BE /* ScannerViewController.m */ = {isa = PBXFileReference; fileEncoding = 4; lastKnownFileType = sourcecode.c.objc; name = ScannerViewController.m; path = ../ScannerViewController.m; sourceTree = "<group>"; };
		8743FACB18F3D94200447EBF /* config.h */ = {isa = PBXFileReference; fileEncoding = 4; lastKnownFileType = sourcecode.c.h; path = config.h; sourceTree = "<group>"; };
		8743FACC18F3D94200447EBF /* bitstream.c */ = {isa = PBXFileReference; fileEncoding = 4; lastKnownFileType = sourcecode.c.c; path = bitstream.c; sourceTree = "<group>"; };
		8743FACD18F3D94200447EBF /* bitstream.h */ = {isa = PBXFileReference; fileEncoding = 4; lastKnownFileType = sourcecode.c.h; path = bitstream.h; sourceTree = "<group>"; };
		8743FACE18F3D94200447EBF /* mask.c */ = {isa = PBXFileReference; fileEncoding = 4; lastKnownFileType = sourcecode.c.c; path = mask.c; sourceTree = "<group>"; };
		8743FACF18F3D94200447EBF /* mask.h */ = {isa = PBXFileReference; fileEncoding = 4; lastKnownFileType = sourcecode.c.h; path = mask.h; sourceTree = "<group>"; };
		8743FAD018F3D94200447EBF /* qrenc.c */ = {isa = PBXFileReference; fileEncoding = 4; lastKnownFileType = sourcecode.c.c; path = qrenc.c; sourceTree = "<group>"; };
		8743FAD118F3D94200447EBF /* qrencode_inner.h */ = {isa = PBXFileReference; fileEncoding = 4; lastKnownFileType = sourcecode.c.h; path = qrencode_inner.h; sourceTree = "<group>"; };
		8743FAD218F3D94200447EBF /* qrencode.c */ = {isa = PBXFileReference; fileEncoding = 4; lastKnownFileType = sourcecode.c.c; path = qrencode.c; sourceTree = "<group>"; };
		8743FAD318F3D94200447EBF /* qrencode.h */ = {isa = PBXFileReference; fileEncoding = 4; lastKnownFileType = sourcecode.c.h; path = qrencode.h; sourceTree = "<group>"; };
		8743FAD418F3D94200447EBF /* qrinput.c */ = {isa = PBXFileReference; fileEncoding = 4; lastKnownFileType = sourcecode.c.c; path = qrinput.c; sourceTree = "<group>"; };
		8743FAD518F3D94200447EBF /* qrinput.h */ = {isa = PBXFileReference; fileEncoding = 4; lastKnownFileType = sourcecode.c.h; path = qrinput.h; sourceTree = "<group>"; };
		8743FAD618F3D94200447EBF /* qrspec.c */ = {isa = PBXFileReference; fileEncoding = 4; lastKnownFileType = sourcecode.c.c; path = qrspec.c; sourceTree = "<group>"; };
		8743FAD718F3D94200447EBF /* qrspec.h */ = {isa = PBXFileReference; fileEncoding = 4; lastKnownFileType = sourcecode.c.h; path = qrspec.h; sourceTree = "<group>"; };
		8743FAD818F3D94200447EBF /* rscode.c */ = {isa = PBXFileReference; fileEncoding = 4; lastKnownFileType = sourcecode.c.c; path = rscode.c; sourceTree = "<group>"; };
		8743FAD918F3D94200447EBF /* rscode.h */ = {isa = PBXFileReference; fileEncoding = 4; lastKnownFileType = sourcecode.c.h; path = rscode.h; sourceTree = "<group>"; };
		8743FADA18F3D94200447EBF /* split.c */ = {isa = PBXFileReference; fileEncoding = 4; lastKnownFileType = sourcecode.c.c; path = split.c; sourceTree = "<group>"; };
		8743FADB18F3D94200447EBF /* split.h */ = {isa = PBXFileReference; fileEncoding = 4; lastKnownFileType = sourcecode.c.h; path = split.h; sourceTree = "<group>"; };
		87554C9418F81A5A00A6D544 /* QRViewController.h */ = {isa = PBXFileReference; fileEncoding = 4; lastKnownFileType = sourcecode.c.h; path = QRViewController.h; sourceTree = "<group>"; };
		87554C9518F81A5A00A6D544 /* QRViewController.m */ = {isa = PBXFileReference; fileEncoding = 4; lastKnownFileType = sourcecode.c.objc; path = QRViewController.m; sourceTree = "<group>"; };
		875CB16618DC159E008FE5CA /* QuartzCore.framework */ = {isa = PBXFileReference; lastKnownFileType = wrapper.framework; name = QuartzCore.framework; path = System/Library/Frameworks/QuartzCore.framework; sourceTree = SDKROOT; };
		875CB16818DC15A6008FE5CA /* AudioToolbox.framework */ = {isa = PBXFileReference; lastKnownFileType = wrapper.framework; name = AudioToolbox.framework; path = System/Library/Frameworks/AudioToolbox.framework; sourceTree = SDKROOT; };
		875CB16A18DC15AE008FE5CA /* CFNetwork.framework */ = {isa = PBXFileReference; lastKnownFileType = wrapper.framework; name = CFNetwork.framework; path = System/Library/Frameworks/CFNetwork.framework; sourceTree = SDKROOT; };
		875CB16C18DC15C0008FE5CA /* CoreLocation.framework */ = {isa = PBXFileReference; lastKnownFileType = wrapper.framework; name = CoreLocation.framework; path = System/Library/Frameworks/CoreLocation.framework; sourceTree = SDKROOT; };
		875CB16E18DC15D6008FE5CA /* libz.1.2.5.dylib */ = {isa = PBXFileReference; lastKnownFileType = "compiled.mach-o.dylib"; name = libz.1.2.5.dylib; path = usr/lib/libz.1.2.5.dylib; sourceTree = SDKROOT; };
		875CB17018DC15DD008FE5CA /* MobileCoreServices.framework */ = {isa = PBXFileReference; lastKnownFileType = wrapper.framework; name = MobileCoreServices.framework; path = System/Library/Frameworks/MobileCoreServices.framework; sourceTree = SDKROOT; };
		875CB17218DC15E4008FE5CA /* Security.framework */ = {isa = PBXFileReference; lastKnownFileType = wrapper.framework; name = Security.framework; path = System/Library/Frameworks/Security.framework; sourceTree = SDKROOT; };
		875CB17418DC15EF008FE5CA /* StoreKit.framework */ = {isa = PBXFileReference; lastKnownFileType = wrapper.framework; name = StoreKit.framework; path = System/Library/Frameworks/StoreKit.framework; sourceTree = SDKROOT; };
		875CB17618DC15FB008FE5CA /* SystemConfiguration.framework */ = {isa = PBXFileReference; lastKnownFileType = wrapper.framework; name = SystemConfiguration.framework; path = System/Library/Frameworks/SystemConfiguration.framework; sourceTree = SDKROOT; };
		875CB17818DC1619008FE5CA /* Accounts.framework */ = {isa = PBXFileReference; lastKnownFileType = wrapper.framework; name = Accounts.framework; path = System/Library/Frameworks/Accounts.framework; sourceTree = SDKROOT; };
		875CB17A18DC1624008FE5CA /* AdSupport.framework */ = {isa = PBXFileReference; lastKnownFileType = wrapper.framework; name = AdSupport.framework; path = System/Library/Frameworks/AdSupport.framework; sourceTree = SDKROOT; };
		875CB17C18DC164B008FE5CA /* libsqlite3.dylib */ = {isa = PBXFileReference; lastKnownFileType = "compiled.mach-o.dylib"; name = libsqlite3.dylib; path = usr/lib/libsqlite3.dylib; sourceTree = SDKROOT; };
		875CB17E18DC1655008FE5CA /* Social.framework */ = {isa = PBXFileReference; lastKnownFileType = wrapper.framework; name = Social.framework; path = System/Library/Frameworks/Social.framework; sourceTree = SDKROOT; };
		875CB18218DC1876008FE5CA /* InviteTabBar.h */ = {isa = PBXFileReference; fileEncoding = 4; lastKnownFileType = sourcecode.c.h; path = InviteTabBar.h; sourceTree = SOURCE_ROOT; };
		875CB18318DC1876008FE5CA /* InviteTabBar.m */ = {isa = PBXFileReference; fileEncoding = 4; lastKnownFileType = sourcecode.c.objc; path = InviteTabBar.m; sourceTree = SOURCE_ROOT; };
		877C764D18DC343E004124CB /* InviteLoginViewController.h */ = {isa = PBXFileReference; fileEncoding = 4; lastKnownFileType = sourcecode.c.h; name = InviteLoginViewController.h; path = Invite/InviteLoginViewController.h; sourceTree = "<group>"; };
		877C764E18DC343E004124CB /* InviteLoginViewController.m */ = {isa = PBXFileReference; fileEncoding = 4; lastKnownFileType = sourcecode.c.objc; name = InviteLoginViewController.m; path = Invite/InviteLoginViewController.m; sourceTree = "<group>"; };
		877C765418DC375C004124CB /* InviteSignupViewController.h */ = {isa = PBXFileReference; fileEncoding = 4; lastKnownFileType = sourcecode.c.h; name = InviteSignupViewController.h; path = Invite/InviteSignupViewController.h; sourceTree = "<group>"; };
		877C765518DC375C004124CB /* InviteSignupViewController.m */ = {isa = PBXFileReference; fileEncoding = 4; lastKnownFileType = sourcecode.c.objc; name = InviteSignupViewController.m; path = Invite/InviteSignupViewController.m; sourceTree = "<group>"; };
		8785B06C18EAD47900013FA1 /* StaticMapViewViewController.h */ = {isa = PBXFileReference; fileEncoding = 4; lastKnownFileType = sourcecode.c.h; path = StaticMapViewViewController.h; sourceTree = "<group>"; };
		8785B06D18EAD47900013FA1 /* StaticMapViewViewController.m */ = {isa = PBXFileReference; fileEncoding = 4; lastKnownFileType = sourcecode.c.objc; path = StaticMapViewViewController.m; sourceTree = "<group>"; };
		878A997D18E010B300DACA62 /* invite.png */ = {isa = PBXFileReference; lastKnownFileType = image.png; path = invite.png; sourceTree = "<group>"; };
		BE40439E18ED542600DECAD4 /* TITokenField.h */ = {isa = PBXFileReference; fileEncoding = 4; lastKnownFileType = sourcecode.c.h; path = TITokenField.h; sourceTree = "<group>"; };
		BE40439F18ED542600DECAD4 /* TITokenField.m */ = {isa = PBXFileReference; fileEncoding = 4; lastKnownFileType = sourcecode.c.objc; path = TITokenField.m; sourceTree = "<group>"; };
		BED0934A18DADA49002F2954 /* Invite.app */ = {isa = PBXFileReference; explicitFileType = wrapper.application; includeInIndex = 0; path = Invite.app; sourceTree = BUILT_PRODUCTS_DIR; };
		BED0934D18DADA49002F2954 /* Foundation.framework */ = {isa = PBXFileReference; lastKnownFileType = wrapper.framework; name = Foundation.framework; path = System/Library/Frameworks/Foundation.framework; sourceTree = SDKROOT; };
		BED0934F18DADA49002F2954 /* CoreGraphics.framework */ = {isa = PBXFileReference; lastKnownFileType = wrapper.framework; name = CoreGraphics.framework; path = System/Library/Frameworks/CoreGraphics.framework; sourceTree = SDKROOT; };
		BED0935118DADA49002F2954 /* UIKit.framework */ = {isa = PBXFileReference; lastKnownFileType = wrapper.framework; name = UIKit.framework; path = System/Library/Frameworks/UIKit.framework; sourceTree = SDKROOT; };
		BED0935318DADA49002F2954 /* CoreData.framework */ = {isa = PBXFileReference; lastKnownFileType = wrapper.framework; name = CoreData.framework; path = System/Library/Frameworks/CoreData.framework; sourceTree = SDKROOT; };
		BED0935718DADA49002F2954 /* Invite-Info.plist */ = {isa = PBXFileReference; lastKnownFileType = text.plist.xml; path = "Invite-Info.plist"; sourceTree = "<group>"; };
		BED0935918DADA49002F2954 /* en */ = {isa = PBXFileReference; lastKnownFileType = text.plist.strings; name = en; path = en.lproj/InfoPlist.strings; sourceTree = "<group>"; };
		BED0935B18DADA49002F2954 /* main.m */ = {isa = PBXFileReference; lastKnownFileType = sourcecode.c.objc; path = main.m; sourceTree = "<group>"; };
		BED0935D18DADA49002F2954 /* Invite-Prefix.pch */ = {isa = PBXFileReference; lastKnownFileType = sourcecode.c.h; path = "Invite-Prefix.pch"; sourceTree = "<group>"; };
		BED0935E18DADA49002F2954 /* AppDelegate.h */ = {isa = PBXFileReference; lastKnownFileType = sourcecode.c.h; path = AppDelegate.h; sourceTree = "<group>"; };
		BED0935F18DADA49002F2954 /* AppDelegate.m */ = {isa = PBXFileReference; lastKnownFileType = sourcecode.c.objc; path = AppDelegate.m; sourceTree = "<group>"; };
		BED0936218DADA49002F2954 /* Invite.xcdatamodel */ = {isa = PBXFileReference; lastKnownFileType = wrapper.xcdatamodel; path = Invite.xcdatamodel; sourceTree = "<group>"; };
		BED0936418DADA49002F2954 /* Images.xcassets */ = {isa = PBXFileReference; lastKnownFileType = folder.assetcatalog; path = Images.xcassets; sourceTree = "<group>"; };
		BED0936A18DADA4A002F2954 /* InviteTests.xctest */ = {isa = PBXFileReference; explicitFileType = wrapper.cfbundle; includeInIndex = 0; path = InviteTests.xctest; sourceTree = BUILT_PRODUCTS_DIR; };
		BED0936B18DADA4A002F2954 /* XCTest.framework */ = {isa = PBXFileReference; lastKnownFileType = wrapper.framework; name = XCTest.framework; path = Library/Frameworks/XCTest.framework; sourceTree = DEVELOPER_DIR; };
		BED0937418DADA4A002F2954 /* InviteTests-Info.plist */ = {isa = PBXFileReference; lastKnownFileType = text.plist.xml; path = "InviteTests-Info.plist"; sourceTree = "<group>"; };
		BED0937618DADA4A002F2954 /* en */ = {isa = PBXFileReference; lastKnownFileType = text.plist.strings; name = en; path = en.lproj/InfoPlist.strings; sourceTree = "<group>"; };
		BED0937818DADA4A002F2954 /* InviteTests.m */ = {isa = PBXFileReference; lastKnownFileType = sourcecode.c.objc; path = InviteTests.m; sourceTree = "<group>"; };
		BED0938918DADBE7002F2954 /* InboxViewController.h */ = {isa = PBXFileReference; fileEncoding = 4; lastKnownFileType = sourcecode.c.h; path = InboxViewController.h; sourceTree = "<group>"; };
		BED0938A18DADBE7002F2954 /* InboxViewController.m */ = {isa = PBXFileReference; fileEncoding = 4; lastKnownFileType = sourcecode.c.objc; path = InboxViewController.m; sourceTree = "<group>"; };
		BED0938C18DADC02002F2954 /* MainStoryboard.storyboard */ = {isa = PBXFileReference; fileEncoding = 4; lastKnownFileType = file.storyboard; name = MainStoryboard.storyboard; path = ../MainStoryboard.storyboard; sourceTree = "<group>"; };
		BED0938E18DAE738002F2954 /* OutboxViewController.h */ = {isa = PBXFileReference; fileEncoding = 4; lastKnownFileType = sourcecode.c.h; path = OutboxViewController.h; sourceTree = "<group>"; };
		BED0938F18DAE738002F2954 /* OutboxViewController.m */ = {isa = PBXFileReference; fileEncoding = 4; lastKnownFileType = sourcecode.c.objc; path = OutboxViewController.m; sourceTree = "<group>"; };
		BEE64ED51918E55B00AC9A19 /* mapPopupViewController.h */ = {isa = PBXFileReference; fileEncoding = 4; lastKnownFileType = sourcecode.c.h; path = mapPopupViewController.h; sourceTree = "<group>"; };
		BEE64ED61918E55B00AC9A19 /* mapPopupViewController.m */ = {isa = PBXFileReference; fileEncoding = 4; lastKnownFileType = sourcecode.c.objc; path = mapPopupViewController.m; sourceTree = "<group>"; };
		BEE64ED71918E55B00AC9A19 /* mapPopupViewController.xib */ = {isa = PBXFileReference; fileEncoding = 4; lastKnownFileType = file.xib; path = mapPopupViewController.xib; sourceTree = "<group>"; };
		DB0730E318F96FE9002E2830 /* Parse.framework */ = {isa = PBXFileReference; lastKnownFileType = wrapper.framework; path = Parse.framework; sourceTree = "<group>"; };
		DB7C8BA618FD37D400B060DC /* MJPopupBackgroundView.h */ = {isa = PBXFileReference; fileEncoding = 4; lastKnownFileType = sourcecode.c.h; name = MJPopupBackgroundView.h; path = ../MJPopupBackgroundView.h; sourceTree = "<group>"; };
		DB7C8BA718FD37D400B060DC /* MJPopupBackgroundView.m */ = {isa = PBXFileReference; fileEncoding = 4; lastKnownFileType = sourcecode.c.objc; name = MJPopupBackgroundView.m; path = ../MJPopupBackgroundView.m; sourceTree = "<group>"; };
		DB7C8BA918FD3EF300B060DC /* UIViewController+MJPopupViewController.h */ = {isa = PBXFileReference; fileEncoding = 4; lastKnownFileType = sourcecode.c.h; name = "UIViewController+MJPopupViewController.h"; path = "../UIViewController+MJPopupViewController.h"; sourceTree = "<group>"; };
		DB7C8BAA18FD3EF300B060DC /* UIViewController+MJPopupViewController.m */ = {isa = PBXFileReference; fileEncoding = 4; lastKnownFileType = sourcecode.c.objc; name = "UIViewController+MJPopupViewController.m"; path = "../UIViewController+MJPopupViewController.m"; sourceTree = "<group>"; };
		DBA92C4718FA6BE300BC1E15 /* icon_calender_white.png */ = {isa = PBXFileReference; lastKnownFileType = image.png; path = icon_calender_white.png; sourceTree = "<group>"; };
		DBA92C4918FA6C6B00BC1E15 /* icon_contact_white.png */ = {isa = PBXFileReference; lastKnownFileType = image.png; path = icon_contact_white.png; sourceTree = "<group>"; };
		DBA92C4B18FA6CC900BC1E15 /* icon_location_white.png */ = {isa = PBXFileReference; lastKnownFileType = image.png; path = icon_location_white.png; sourceTree = "<group>"; };
		DBA92C4F18FA7DDE00BC1E15 /* icon_qr_white.png */ = {isa = PBXFileReference; lastKnownFileType = image.png; path = icon_qr_white.png; sourceTree = "<group>"; };
		DBA92C5618FA82DA00BC1E15 /* cell-background_320.png */ = {isa = PBXFileReference; lastKnownFileType = image.png; path = "cell-background_320.png"; sourceTree = "<group>"; };
		DBA92C5718FA82DA00BC1E15 /* cell-background_640.png */ = {isa = PBXFileReference; lastKnownFileType = image.png; path = "cell-background_640.png"; sourceTree = "<group>"; };
		DBA92C5B18FA9B7200BC1E15 /* icon_location_blue.png */ = {isa = PBXFileReference; lastKnownFileType = image.png; path = icon_location_blue.png; sourceTree = "<group>"; };
		DBA92C5C18FA9B7200BC1E15 /* icon_qr_blue.png */ = {isa = PBXFileReference; lastKnownFileType = image.png; path = icon_qr_blue.png; sourceTree = "<group>"; };
		DBA92C6018FA9BD600BC1E15 /* icon_contact_blue.png */ = {isa = PBXFileReference; lastKnownFileType = image.png; path = icon_contact_blue.png; sourceTree = "<group>"; };
		DBA92C6218FAA06D00BC1E15 /* icon_notification_green.png */ = {isa = PBXFileReference; lastKnownFileType = image.png; path = icon_notification_green.png; sourceTree = "<group>"; };
		DBA92C6318FAA06D00BC1E15 /* icon_notification_red.png */ = {isa = PBXFileReference; lastKnownFileType = image.png; path = icon_notification_red.png; sourceTree = "<group>"; };
		DBA92C6618FAA22200BC1E15 /* icon_notification_blue.png */ = {isa = PBXFileReference; lastKnownFileType = image.png; path = icon_notification_blue.png; sourceTree = "<group>"; };
		DBA92C6818FAA4DF00BC1E15 /* icon_qr_black_blue.png */ = {isa = PBXFileReference; lastKnownFileType = image.png; path = icon_qr_black_blue.png; sourceTree = "<group>"; };
		DBA92C7B18FAEC8300BC1E15 /* RNGridMenu.h */ = {isa = PBXFileReference; fileEncoding = 4; lastKnownFileType = sourcecode.c.h; name = RNGridMenu.h; path = ../RNGridMenu.h; sourceTree = "<group>"; };
		DBA92C7C18FAEC8300BC1E15 /* RNGridMenu.m */ = {isa = PBXFileReference; fileEncoding = 4; lastKnownFileType = sourcecode.c.objc; name = RNGridMenu.m; path = ../RNGridMenu.m; sourceTree = "<group>"; };
		DBA92C7F18FAECD500BC1E15 /* icon_call_white.png */ = {isa = PBXFileReference; lastKnownFileType = image.png; path = icon_call_white.png; sourceTree = "<group>"; };
		DBA92C8018FAECD500BC1E15 /* icon_email_white.png */ = {isa = PBXFileReference; lastKnownFileType = image.png; path = icon_email_white.png; sourceTree = "<group>"; };
		DBA92C8118FAECD500BC1E15 /* icon_message_white.png */ = {isa = PBXFileReference; lastKnownFileType = image.png; path = icon_message_white.png; sourceTree = "<group>"; };
		DBD4245918F984C400F668FB /* partybackground.png */ = {isa = PBXFileReference; lastKnownFileType = image.png; path = partybackground.png; sourceTree = "<group>"; };
		DBD4245B18F995A200F668FB /* 4-background_480*320_2.png */ = {isa = PBXFileReference; lastKnownFileType = image.png; path = "4-background_480*320_2.png"; sourceTree = "<group>"; };
		DBD4245C18F995A200F668FB /* 4-background_960*640_2.png */ = {isa = PBXFileReference; lastKnownFileType = image.png; path = "4-background_960*640_2.png"; sourceTree = "<group>"; };
		DBD4245D18F995A200F668FB /* 5S-background_1136*640_2.png */ = {isa = PBXFileReference; lastKnownFileType = image.png; path = "5S-background_1136*640_2.png"; sourceTree = "<group>"; };
		DBD4246418F9A08400F668FB /* icon_location.png */ = {isa = PBXFileReference; lastKnownFileType = image.png; path = icon_location.png; sourceTree = "<group>"; };
		DBD4246618F9A8D000F668FB /* 4-background_480*320_1.png */ = {isa = PBXFileReference; lastKnownFileType = image.png; path = "4-background_480*320_1.png"; sourceTree = "<group>"; };
		DBD4246718F9A8D000F668FB /* 4-background_960*640_1.png */ = {isa = PBXFileReference; lastKnownFileType = image.png; path = "4-background_960*640_1.png"; sourceTree = "<group>"; };
		DBD4246818F9A8D000F668FB /* 5S-background_1136*640_1.png */ = {isa = PBXFileReference; lastKnownFileType = image.png; path = "5S-background_1136*640_1.png"; sourceTree = "<group>"; };
		DBD4246C18F9A9E200F668FB /* 4-background_480*320_4.png */ = {isa = PBXFileReference; lastKnownFileType = image.png; path = "4-background_480*320_4.png"; sourceTree = "<group>"; };
		DBD4246D18F9A9E200F668FB /* 4-background_960*640_4.png */ = {isa = PBXFileReference; lastKnownFileType = image.png; path = "4-background_960*640_4.png"; sourceTree = "<group>"; };
		DBD4246E18F9A9E200F668FB /* 5S-background_1136*640_4.png */ = {isa = PBXFileReference; lastKnownFileType = image.png; path = "5S-background_1136*640_4.png"; sourceTree = "<group>"; };
		DBD4247218F9AC8700F668FB /* icon_calender.png */ = {isa = PBXFileReference; lastKnownFileType = image.png; path = icon_calender.png; sourceTree = "<group>"; };
		DBD4247418F9AED800F668FB /* icon_call.png */ = {isa = PBXFileReference; lastKnownFileType = image.png; path = icon_call.png; sourceTree = "<group>"; };
		E33695061902929700D904D8 /* OutBoxInvitationViewController.h */ = {isa = PBXFileReference; fileEncoding = 4; lastKnownFileType = sourcecode.c.h; path = OutBoxInvitationViewController.h; sourceTree = "<group>"; };
		E33695071902929700D904D8 /* OutBoxInvitationViewController.m */ = {isa = PBXFileReference; fileEncoding = 4; lastKnownFileType = sourcecode.c.objc; path = OutBoxInvitationViewController.m; sourceTree = "<group>"; };
		E363E8D518E59E6E00B07D6C /* MapKit.framework */ = {isa = PBXFileReference; lastKnownFileType = wrapper.framework; name = MapKit.framework; path = System/Library/Frameworks/MapKit.framework; sourceTree = SDKROOT; };
		E36F9BD618E7381700400FD1 /* InBoxInvitationViewController.h */ = {isa = PBXFileReference; fileEncoding = 4; lastKnownFileType = sourcecode.c.h; path = InBoxInvitationViewController.h; sourceTree = "<group>"; };
		E36F9BD718E7381700400FD1 /* InBoxInvitationViewController.m */ = {isa = PBXFileReference; fileEncoding = 4; lastKnownFileType = sourcecode.c.objc; path = InBoxInvitationViewController.m; sourceTree = "<group>"; };
		E3A7661E1904523D00212DE3 /* FeedBackViewController.h */ = {isa = PBXFileReference; lastKnownFileType = sourcecode.c.h; path = FeedBackViewController.h; sourceTree = "<group>"; };
		E3A7661F1904525E00212DE3 /* FeedBackViewController.m */ = {isa = PBXFileReference; fileEncoding = 4; lastKnownFileType = sourcecode.c.objc; path = FeedBackViewController.m; sourceTree = "<group>"; };
		E3A766201904525E00212DE3 /* FeedBackTableViewCell.h */ = {isa = PBXFileReference; fileEncoding = 4; lastKnownFileType = sourcecode.c.h; path = FeedBackTableViewCell.h; sourceTree = "<group>"; };
		E3A766211904525E00212DE3 /* FeedBackTableViewCell.m */ = {isa = PBXFileReference; fileEncoding = 4; lastKnownFileType = sourcecode.c.objc; path = FeedBackTableViewCell.m; sourceTree = "<group>"; };
		E3A76624190454B800212DE3 /* thumbsUp.png */ = {isa = PBXFileReference; lastKnownFileType = image.png; path = thumbsUp.png; sourceTree = "<group>"; };
		E3A76625190454B800212DE3 /* notSure.png */ = {isa = PBXFileReference; lastKnownFileType = image.png; path = notSure.png; sourceTree = "<group>"; };
		E3A7662819045FED00212DE3 /* thumbsDown.png */ = {isa = PBXFileReference; lastKnownFileType = image.png; path = thumbsDown.png; sourceTree = "<group>"; };
		E3B5D10518E9A20D00496C3A /* EditableMapViewViewController.h */ = {isa = PBXFileReference; fileEncoding = 4; lastKnownFileType = sourcecode.c.h; path = EditableMapViewViewController.h; sourceTree = "<group>"; };
		E3B5D10618E9A20D00496C3A /* EditableMapViewViewController.m */ = {isa = PBXFileReference; fileEncoding = 4; lastKnownFileType = sourcecode.c.objc; path = EditableMapViewViewController.m; sourceTree = "<group>"; };
		E3B5D10818E9D27C00496C3A /* ComposerDelegate.h */ = {isa = PBXFileReference; lastKnownFileType = sourcecode.c.h; path = ComposerDelegate.h; sourceTree = "<group>"; };
		E3E3E5A418E7FA6100A2BB76 /* InboxCustomCell.h */ = {isa = PBXFileReference; fileEncoding = 4; lastKnownFileType = sourcecode.c.h; path = InboxCustomCell.h; sourceTree = "<group>"; };
		E3E3E5A518E7FA6100A2BB76 /* InboxCustomCell.m */ = {isa = PBXFileReference; fileEncoding = 4; lastKnownFileType = sourcecode.c.objc; path = InboxCustomCell.m; sourceTree = "<group>"; };
		E3E3E5A718E806E100A2BB76 /* log.png */ = {isa = PBXFileReference; lastKnownFileType = image.png; path = log.png; sourceTree = "<group>"; };
		E3E3E5A918E8087D00A2BB76 /* OutBoxCustomCell.h */ = {isa = PBXFileReference; fileEncoding = 4; lastKnownFileType = sourcecode.c.h; path = OutBoxCustomCell.h; sourceTree = "<group>"; };
		E3E3E5AA18E8087D00A2BB76 /* OutBoxCustomCell.m */ = {isa = PBXFileReference; fileEncoding = 4; lastKnownFileType = sourcecode.c.objc; path = OutBoxCustomCell.m; sourceTree = "<group>"; };
		E3EED59018E49D790003D133 /* TemplateCell.h */ = {isa = PBXFileReference; fileEncoding = 4; lastKnownFileType = sourcecode.c.h; path = TemplateCell.h; sourceTree = "<group>"; };
		E3EED59118E49D790003D133 /* TemplateCell.m */ = {isa = PBXFileReference; fileEncoding = 4; lastKnownFileType = sourcecode.c.objc; path = TemplateCell.m; sourceTree = "<group>"; };
		E3EED59318E49E860003D133 /* TemplateViewController.h */ = {isa = PBXFileReference; fileEncoding = 4; lastKnownFileType = sourcecode.c.h; path = TemplateViewController.h; sourceTree = "<group>"; };
		E3EED59418E49E860003D133 /* TemplateViewController.m */ = {isa = PBXFileReference; fileEncoding = 4; lastKnownFileType = sourcecode.c.objc; path = TemplateViewController.m; sourceTree = "<group>"; };
		E3F778B218E5560F00CBB401 /* ComposeNewInviteViewController.h */ = {isa = PBXFileReference; fileEncoding = 4; lastKnownFileType = sourcecode.c.h; path = ComposeNewInviteViewController.h; sourceTree = "<group>"; };
		E3F778B318E5560F00CBB401 /* ComposeNewInviteViewController.m */ = {isa = PBXFileReference; fileEncoding = 4; lastKnownFileType = sourcecode.c.objc; path = ComposeNewInviteViewController.m; sourceTree = "<group>"; };
/* End PBXFileReference section */

/* Begin PBXFrameworksBuildPhase section */
		BED0934718DADA49002F2954 /* Frameworks */ = {
			isa = PBXFrameworksBuildPhase;
			buildActionMask = 2147483647;
			files = (
				BED0935018DADA49002F2954 /* CoreGraphics.framework in Frameworks */,
				E363E8D618E59E6E00B07D6C /* MapKit.framework in Frameworks */,
				875CB17F18DC1655008FE5CA /* Social.framework in Frameworks */,
				875CB17D18DC164B008FE5CA /* libsqlite3.dylib in Frameworks */,
				875CB17B18DC1624008FE5CA /* AdSupport.framework in Frameworks */,
				875CB17918DC1619008FE5CA /* Accounts.framework in Frameworks */,
				BED0935218DADA49002F2954 /* UIKit.framework in Frameworks */,
				875CB17718DC15FB008FE5CA /* SystemConfiguration.framework in Frameworks */,
				875CB17518DC15EF008FE5CA /* StoreKit.framework in Frameworks */,
				875CB17318DC15E5008FE5CA /* Security.framework in Frameworks */,
				875CB17118DC15DD008FE5CA /* MobileCoreServices.framework in Frameworks */,
				875CB16F18DC15D6008FE5CA /* libz.1.2.5.dylib in Frameworks */,
				875CB16D18DC15C0008FE5CA /* CoreLocation.framework in Frameworks */,
				DB0730E418F96FE9002E2830 /* Parse.framework in Frameworks */,
				875CB16B18DC15AE008FE5CA /* CFNetwork.framework in Frameworks */,
				875CB16918DC15A6008FE5CA /* AudioToolbox.framework in Frameworks */,
				875CB16718DC159E008FE5CA /* QuartzCore.framework in Frameworks */,
				BED0935418DADA49002F2954 /* CoreData.framework in Frameworks */,
				BED0934E18DADA49002F2954 /* Foundation.framework in Frameworks */,
			);
			runOnlyForDeploymentPostprocessing = 0;
		};
		BED0936718DADA4A002F2954 /* Frameworks */ = {
			isa = PBXFrameworksBuildPhase;
			buildActionMask = 2147483647;
			files = (
				BED0936C18DADA4A002F2954 /* XCTest.framework in Frameworks */,
				BED0936F18DADA4A002F2954 /* CoreData.framework in Frameworks */,
				BED0936E18DADA4A002F2954 /* UIKit.framework in Frameworks */,
				BED0936D18DADA4A002F2954 /* Foundation.framework in Frameworks */,
			);
			runOnlyForDeploymentPostprocessing = 0;
		};
/* End PBXFrameworksBuildPhase section */

/* Begin PBXGroup section */
		8743FACA18F3D8E800447EBF /* QREncoder */ = {
			isa = PBXGroup;
			children = (
				8743FACB18F3D94200447EBF /* config.h */,
				8743FACC18F3D94200447EBF /* bitstream.c */,
				8743FACD18F3D94200447EBF /* bitstream.h */,
				8743FACE18F3D94200447EBF /* mask.c */,
				8743FACF18F3D94200447EBF /* mask.h */,
				8743FAD018F3D94200447EBF /* qrenc.c */,
				8743FAD118F3D94200447EBF /* qrencode_inner.h */,
				8743FAD218F3D94200447EBF /* qrencode.c */,
				8743FAD318F3D94200447EBF /* qrencode.h */,
				8743FAD418F3D94200447EBF /* qrinput.c */,
				8743FAD518F3D94200447EBF /* qrinput.h */,
				8743FAD618F3D94200447EBF /* qrspec.c */,
				8743FAD718F3D94200447EBF /* qrspec.h */,
				8743FAD818F3D94200447EBF /* rscode.c */,
				8743FAD918F3D94200447EBF /* rscode.h */,
				8743FADA18F3D94200447EBF /* split.c */,
				8743FADB18F3D94200447EBF /* split.h */,
			);
			name = QREncoder;
			sourceTree = "<group>";
		};
		87C5F44718DC3DF500B4821D /* InviteImages */ = {
			isa = PBXGroup;
			children = (
				DBD4246118F995A900F668FB /* new images */,
				878A997D18E010B300DACA62 /* invite.png */,
				E3A76624190454B800212DE3 /* thumbsUp.png */,
				E3A7662819045FED00212DE3 /* thumbsDown.png */,
				E3A76625190454B800212DE3 /* notSure.png */,
				DBD4245918F984C400F668FB /* partybackground.png */,
			);
			name = InviteImages;
			sourceTree = "<group>";
		};
		BE40439B18ED53F800DECAD4 /* Token Utility Classes */ = {
			isa = PBXGroup;
			children = (
				BE40439E18ED542600DECAD4 /* TITokenField.h */,
				BE40439F18ED542600DECAD4 /* TITokenField.m */,
			);
			name = "Token Utility Classes";
			path = Invite;
			sourceTree = "<group>";
		};
		BE4043A618ED70E200DECAD4 /* Scanner */ = {
			isa = PBXGroup;
			children = (
				87249EF618E15964008363BE /* ScannerViewController.h */,
				87249EF718E15964008363BE /* ScannerViewController.m */,
			);
			name = Scanner;
			sourceTree = "<group>";
		};
		BEB219E418EBE93A00E8B8E5 /* InviteCompose */ = {
			isa = PBXGroup;
			children = (
				E3F778B218E5560F00CBB401 /* ComposeNewInviteViewController.h */,
				E3F778B318E5560F00CBB401 /* ComposeNewInviteViewController.m */,
			);
			name = InviteCompose;
			sourceTree = "<group>";
		};
		BED0934118DADA49002F2954 = {
			isa = PBXGroup;
			children = (
				BEE64EDE1918EAE800AC9A19 /* Utility Classes */,
				DBA92C7A18FAEC7300BC1E15 /* ThirdParty */,
				DB0730E318F96FE9002E2830 /* Parse.framework */,
				BED0935518DADA49002F2954 /* Invite */,
				BED0937218DADA4A002F2954 /* InviteTests */,
				BED0934C18DADA49002F2954 /* Frameworks */,
				BED0934B18DADA49002F2954 /* Products */,
			);
			sourceTree = "<group>";
		};
		BED0934B18DADA49002F2954 /* Products */ = {
			isa = PBXGroup;
			children = (
				BED0934A18DADA49002F2954 /* Invite.app */,
				BED0936A18DADA4A002F2954 /* InviteTests.xctest */,
			);
			name = Products;
			sourceTree = "<group>";
		};
		BED0934C18DADA49002F2954 /* Frameworks */ = {
			isa = PBXGroup;
			children = (
				8743FACA18F3D8E800447EBF /* QREncoder */,
				E363E8D518E59E6E00B07D6C /* MapKit.framework */,
				875CB17E18DC1655008FE5CA /* Social.framework */,
				875CB17C18DC164B008FE5CA /* libsqlite3.dylib */,
				875CB17A18DC1624008FE5CA /* AdSupport.framework */,
				875CB17818DC1619008FE5CA /* Accounts.framework */,
				875CB17618DC15FB008FE5CA /* SystemConfiguration.framework */,
				875CB17418DC15EF008FE5CA /* StoreKit.framework */,
				875CB17218DC15E4008FE5CA /* Security.framework */,
				875CB17018DC15DD008FE5CA /* MobileCoreServices.framework */,
				875CB16E18DC15D6008FE5CA /* libz.1.2.5.dylib */,
				875CB16C18DC15C0008FE5CA /* CoreLocation.framework */,
				875CB16A18DC15AE008FE5CA /* CFNetwork.framework */,
				875CB16818DC15A6008FE5CA /* AudioToolbox.framework */,
				875CB16618DC159E008FE5CA /* QuartzCore.framework */,
				BED0934D18DADA49002F2954 /* Foundation.framework */,
				BED0934F18DADA49002F2954 /* CoreGraphics.framework */,
				BED0935118DADA49002F2954 /* UIKit.framework */,
				BED0935318DADA49002F2954 /* CoreData.framework */,
				BED0936B18DADA4A002F2954 /* XCTest.framework */,
			);
			name = Frameworks;
			sourceTree = "<group>";
		};
		BED0935518DADA49002F2954 /* Invite */ = {
			isa = PBXGroup;
			children = (
				DB7C8BA518FD204A00B060DC /* Map */,
				BE4043A618ED70E200DECAD4 /* Scanner */,
				87C5F44718DC3DF500B4821D /* InviteImages */,
				E3EED58F18E49C510003D133 /* LoginViews */,
				BED0938618DADAC6002F2954 /* InviteCells */,
				BED0938518DADA9B002F2954 /* InviteBox */,
				BED0935E18DADA49002F2954 /* AppDelegate.h */,
				BED0935F18DADA49002F2954 /* AppDelegate.m */,
				BED0938C18DADC02002F2954 /* MainStoryboard.storyboard */,
				BED0936418DADA49002F2954 /* Images.xcassets */,
				BED0936118DADA49002F2954 /* Invite.xcdatamodeld */,
				BED0935618DADA49002F2954 /* Supporting Files */,
			);
			path = Invite;
			sourceTree = "<group>";
		};
		BED0935618DADA49002F2954 /* Supporting Files */ = {
			isa = PBXGroup;
			children = (
				BED0935718DADA49002F2954 /* Invite-Info.plist */,
				BED0935818DADA49002F2954 /* InfoPlist.strings */,
				BED0935B18DADA49002F2954 /* main.m */,
				BED0935D18DADA49002F2954 /* Invite-Prefix.pch */,
			);
			name = "Supporting Files";
			sourceTree = "<group>";
		};
		BED0937218DADA4A002F2954 /* InviteTests */ = {
			isa = PBXGroup;
			children = (
				BED0937818DADA4A002F2954 /* InviteTests.m */,
				BED0937318DADA4A002F2954 /* Supporting Files */,
			);
			path = InviteTests;
			sourceTree = "<group>";
		};
		BED0937318DADA4A002F2954 /* Supporting Files */ = {
			isa = PBXGroup;
			children = (
				BED0937418DADA4A002F2954 /* InviteTests-Info.plist */,
				BED0937518DADA4A002F2954 /* InfoPlist.strings */,
			);
			name = "Supporting Files";
			sourceTree = "<group>";
		};
		BED0938518DADA9B002F2954 /* InviteBox */ = {
			isa = PBXGroup;
			children = (
				BEE64EE11918EBC900AC9A19 /* Other */,
				BEB219E418EBE93A00E8B8E5 /* InviteCompose */,
				BEE64EE01918EB6200AC9A19 /* InviteOutbox */,
				BEE64EDF1918EB4700AC9A19 /* InviteInbox */,
			);
			name = InviteBox;
			sourceTree = "<group>";
		};
		BED0938618DADAC6002F2954 /* InviteCells */ = {
			isa = PBXGroup;
			children = (
				E3E3E5A418E7FA6100A2BB76 /* InboxCustomCell.h */,
				E3E3E5A518E7FA6100A2BB76 /* InboxCustomCell.m */,
				E3E3E5A918E8087D00A2BB76 /* OutBoxCustomCell.h */,
				E3E3E5AA18E8087D00A2BB76 /* OutBoxCustomCell.m */,
			);
			name = InviteCells;
			sourceTree = "<group>";
		};
		BEE64EDD1918EAC400AC9A19 /* PopupView */ = {
			isa = PBXGroup;
			children = (
				DB7C8BA618FD37D400B060DC /* MJPopupBackgroundView.h */,
				DB7C8BA918FD3EF300B060DC /* UIViewController+MJPopupViewController.h */,
				DB7C8BAA18FD3EF300B060DC /* UIViewController+MJPopupViewController.m */,
				DB7C8BA718FD37D400B060DC /* MJPopupBackgroundView.m */,
				DBA92C7B18FAEC8300BC1E15 /* RNGridMenu.h */,
				DBA92C7C18FAEC8300BC1E15 /* RNGridMenu.m */,
			);
			name = PopupView;
			path = Invite;
			sourceTree = "<group>";
		};
		BEE64EDE1918EAE800AC9A19 /* Utility Classes */ = {
			isa = PBXGroup;
			children = (
				87249EF318E153F7008363BE /* UIViewController+Utilities.h */,
				87249EF418E153F7008363BE /* UIViewController+Utilities.m */,
			);
			name = "Utility Classes";
			sourceTree = "<group>";
		};
		BEE64EDF1918EB4700AC9A19 /* InviteInbox */ = {
			isa = PBXGroup;
			children = (
				BED0938918DADBE7002F2954 /* InboxViewController.h */,
				BED0938A18DADBE7002F2954 /* InboxViewController.m */,
			);
			name = InviteInbox;
			sourceTree = "<group>";
		};
		BEE64EE01918EB6200AC9A19 /* InviteOutbox */ = {
			isa = PBXGroup;
			children = (
				BED0938E18DAE738002F2954 /* OutboxViewController.h */,
				BED0938F18DAE738002F2954 /* OutboxViewController.m */,
				E33695061902929700D904D8 /* OutBoxInvitationViewController.h */,
				E33695071902929700D904D8 /* OutBoxInvitationViewController.m */,
			);
			name = InviteOutbox;
			sourceTree = "<group>";
		};
		BEE64EE11918EBC900AC9A19 /* Other */ = {
			isa = PBXGroup;
			children = (
				875CB18218DC1876008FE5CA /* InviteTabBar.h */,
				875CB18318DC1876008FE5CA /* InviteTabBar.m */,
				E3EED59018E49D790003D133 /* TemplateCell.h */,
				E3EED59118E49D790003D133 /* TemplateCell.m */,
				E3EED59318E49E860003D133 /* TemplateViewController.h */,
				E3EED59418E49E860003D133 /* TemplateViewController.m */,
				E36F9BD618E7381700400FD1 /* InBoxInvitationViewController.h */,
				E36F9BD718E7381700400FD1 /* InBoxInvitationViewController.m */,
				E3B5D10518E9A20D00496C3A /* EditableMapViewViewController.h */,
				E3B5D10618E9A20D00496C3A /* EditableMapViewViewController.m */,
				E3B5D10818E9D27C00496C3A /* ComposerDelegate.h */,
				8785B06C18EAD47900013FA1 /* StaticMapViewViewController.h */,
				8785B06D18EAD47900013FA1 /* StaticMapViewViewController.m */,
				E3A7661E1904523D00212DE3 /* FeedBackViewController.h */,
				E3A7661F1904525E00212DE3 /* FeedBackViewController.m */,
				E3A766201904525E00212DE3 /* FeedBackTableViewCell.h */,
				E3A766211904525E00212DE3 /* FeedBackTableViewCell.m */,
				87554C9418F81A5A00A6D544 /* QRViewController.h */,
				87554C9518F81A5A00A6D544 /* QRViewController.m */,
			);
			name = Other;
			sourceTree = "<group>";
		};
		DB7C8BA518FD204A00B060DC /* Map */ = {
			isa = PBXGroup;
			children = (
				BEE64ED51918E55B00AC9A19 /* mapPopupViewController.h */,
				BEE64ED61918E55B00AC9A19 /* mapPopupViewController.m */,
				BEE64ED71918E55B00AC9A19 /* mapPopupViewController.xib */,
			);
			name = Map;
			sourceTree = "<group>";
		};
		DBA92C5518FA81C900BC1E15 /* cell */ = {
			isa = PBXGroup;
			children = (
				DBA92C4F18FA7DDE00BC1E15 /* icon_qr_white.png */,
				DBA92C4918FA6C6B00BC1E15 /* icon_contact_white.png */,
				DBA92C4B18FA6CC900BC1E15 /* icon_location_white.png */,
				DBD4247418F9AED800F668FB /* icon_call.png */,
				DBD4246418F9A08400F668FB /* icon_location.png */,
				DBA92C4718FA6BE300BC1E15 /* icon_calender_white.png */,
				E3E3E5A718E806E100A2BB76 /* log.png */,
				DBD4247218F9AC8700F668FB /* icon_calender.png */,
				DBA92C6618FAA22200BC1E15 /* icon_notification_blue.png */,
				DBA92C6018FA9BD600BC1E15 /* icon_contact_blue.png */,
				DBA92C6818FAA4DF00BC1E15 /* icon_qr_black_blue.png */,
				DBA92C6218FAA06D00BC1E15 /* icon_notification_green.png */,
				DBA92C6318FAA06D00BC1E15 /* icon_notification_red.png */,
				DBA92C5B18FA9B7200BC1E15 /* icon_location_blue.png */,
				DBA92C5C18FA9B7200BC1E15 /* icon_qr_blue.png */,
				DBA92C5618FA82DA00BC1E15 /* cell-background_320.png */,
				DBA92C5718FA82DA00BC1E15 /* cell-background_640.png */,
			);
			name = cell;
			sourceTree = "<group>";
		};
		DBA92C7A18FAEC7300BC1E15 /* ThirdParty */ = {
			isa = PBXGroup;
			children = (
				BEE64EDD1918EAC400AC9A19 /* PopupView */,
				BE40439B18ED53F800DECAD4 /* Token Utility Classes */,
			);
			name = ThirdParty;
			sourceTree = "<group>";
		};
		DBA92C7E18FAECC400BC1E15 /* popup_menu */ = {
			isa = PBXGroup;
			children = (
				DBA92C7F18FAECD500BC1E15 /* icon_call_white.png */,
				DBA92C8018FAECD500BC1E15 /* icon_email_white.png */,
				DBA92C8118FAECD500BC1E15 /* icon_message_white.png */,
			);
			name = popup_menu;
			sourceTree = "<group>";
		};
		DBD4246118F995A900F668FB /* new images */ = {
			isa = PBXGroup;
			children = (
				DBD4246318F9A06A00F668FB /* identifiers  */,
				DBD4246218F995C400F668FB /* background */,
			);
			name = "new images";
			sourceTree = "<group>";
		};
		DBD4246218F995C400F668FB /* background */ = {
			isa = PBXGroup;
			children = (
				DBD4246C18F9A9E200F668FB /* 4-background_480*320_4.png */,
				DBD4246D18F9A9E200F668FB /* 4-background_960*640_4.png */,
				DBD4246E18F9A9E200F668FB /* 5S-background_1136*640_4.png */,
				DBD4246618F9A8D000F668FB /* 4-background_480*320_1.png */,
				DBD4246718F9A8D000F668FB /* 4-background_960*640_1.png */,
				DBD4246818F9A8D000F668FB /* 5S-background_1136*640_1.png */,
				DBD4245B18F995A200F668FB /* 4-background_480*320_2.png */,
				DBD4245C18F995A200F668FB /* 4-background_960*640_2.png */,
				DBD4245D18F995A200F668FB /* 5S-background_1136*640_2.png */,
			);
			name = background;
			sourceTree = "<group>";
		};
		DBD4246318F9A06A00F668FB /* identifiers  */ = {
			isa = PBXGroup;
			children = (
				DBA92C7E18FAECC400BC1E15 /* popup_menu */,
				DBA92C5518FA81C900BC1E15 /* cell */,
			);
			name = "identifiers ";
			sourceTree = "<group>";
		};
		E3EED58F18E49C510003D133 /* LoginViews */ = {
			isa = PBXGroup;
			children = (
				877C765418DC375C004124CB /* InviteSignupViewController.h */,
				877C765518DC375C004124CB /* InviteSignupViewController.m */,
				877C764D18DC343E004124CB /* InviteLoginViewController.h */,
				877C764E18DC343E004124CB /* InviteLoginViewController.m */,
			);
			name = LoginViews;
			path = ..;
			sourceTree = "<group>";
		};
/* End PBXGroup section */

/* Begin PBXNativeTarget section */
		BED0934918DADA49002F2954 /* Invite */ = {
			isa = PBXNativeTarget;
			buildConfigurationList = BED0937C18DADA4A002F2954 /* Build configuration list for PBXNativeTarget "Invite" */;
			buildPhases = (
				BED0934618DADA49002F2954 /* Sources */,
				BED0934718DADA49002F2954 /* Frameworks */,
				BED0934818DADA49002F2954 /* Resources */,
			);
			buildRules = (
			);
			dependencies = (
			);
			name = Invite;
			productName = Invite;
			productReference = BED0934A18DADA49002F2954 /* Invite.app */;
			productType = "com.apple.product-type.application";
		};
		BED0936918DADA4A002F2954 /* InviteTests */ = {
			isa = PBXNativeTarget;
			buildConfigurationList = BED0937F18DADA4A002F2954 /* Build configuration list for PBXNativeTarget "InviteTests" */;
			buildPhases = (
				BED0936618DADA4A002F2954 /* Sources */,
				BED0936718DADA4A002F2954 /* Frameworks */,
				BED0936818DADA4A002F2954 /* Resources */,
			);
			buildRules = (
			);
			dependencies = (
				BED0937118DADA4A002F2954 /* PBXTargetDependency */,
			);
			name = InviteTests;
			productName = InviteTests;
			productReference = BED0936A18DADA4A002F2954 /* InviteTests.xctest */;
			productType = "com.apple.product-type.bundle.unit-test";
		};
/* End PBXNativeTarget section */

/* Begin PBXProject section */
		BED0934218DADA49002F2954 /* Project object */ = {
			isa = PBXProject;
			attributes = {
				LastUpgradeCheck = 0500;
				ORGANIZATIONNAME = "Dhammini Fernando";
				TargetAttributes = {
					BED0936918DADA4A002F2954 = {
						TestTargetID = BED0934918DADA49002F2954;
					};
				};
			};
			buildConfigurationList = BED0934518DADA49002F2954 /* Build configuration list for PBXProject "Invite" */;
			compatibilityVersion = "Xcode 3.2";
			developmentRegion = English;
			hasScannedForEncodings = 0;
			knownRegions = (
				en,
			);
			mainGroup = BED0934118DADA49002F2954;
			productRefGroup = BED0934B18DADA49002F2954 /* Products */;
			projectDirPath = "";
			projectRoot = "";
			targets = (
				BED0934918DADA49002F2954 /* Invite */,
				BED0936918DADA4A002F2954 /* InviteTests */,
			);
		};
/* End PBXProject section */

/* Begin PBXResourcesBuildPhase section */
		BED0934818DADA49002F2954 /* Resources */ = {
			isa = PBXResourcesBuildPhase;
			buildActionMask = 2147483647;
			files = (
				E3E3E5A818E806E100A2BB76 /* log.png in Resources */,
				DBD4246F18F9A9E200F668FB /* 4-background_480*320_4.png in Resources */,
				DBA92C8218FAECD500BC1E15 /* icon_call_white.png in Resources */,
				DBD4245F18F995A200F668FB /* 4-background_960*640_2.png in Resources */,
				E3A7662919045FED00212DE3 /* thumbsDown.png in Resources */,
				DBA92C4C18FA6CC900BC1E15 /* icon_location_white.png in Resources */,
				DBD4246018F995A200F668FB /* 5S-background_1136*640_2.png in Resources */,
				E3A76627190454B800212DE3 /* notSure.png in Resources */,
				DBA92C6718FAA22200BC1E15 /* icon_notification_blue.png in Resources */,
				DBD4247118F9A9E200F668FB /* 5S-background_1136*640_4.png in Resources */,
				DBA92C6518FAA06D00BC1E15 /* icon_notification_red.png in Resources */,
				BED0935A18DADA49002F2954 /* InfoPlist.strings in Resources */,
				878A997E18E010B300DACA62 /* invite.png in Resources */,
				DBD4246918F9A8D000F668FB /* 4-background_480*320_1.png in Resources */,
				DBA92C6418FAA06D00BC1E15 /* icon_notification_green.png in Resources */,
				DBA92C5018FA7DDE00BC1E15 /* icon_qr_white.png in Resources */,
				DBD4246B18F9A8D000F668FB /* 5S-background_1136*640_1.png in Resources */,
				DBA92C6918FAA4DF00BC1E15 /* icon_qr_black_blue.png in Resources */,
				DBA92C5918FA82DA00BC1E15 /* cell-background_640.png in Resources */,
				DBA92C5E18FA9B7200BC1E15 /* icon_location_blue.png in Resources */,
				DBA92C8318FAECD500BC1E15 /* icon_email_white.png in Resources */,
				DBD4246A18F9A8D000F668FB /* 4-background_960*640_1.png in Resources */,
				DBD4245E18F995A200F668FB /* 4-background_480*320_2.png in Resources */,
				BEE64EDB1918E55B00AC9A19 /* mapPopupViewController.xib in Resources */,
				DBA92C6118FA9BD600BC1E15 /* icon_contact_blue.png in Resources */,
				BED0938D18DADC02002F2954 /* MainStoryboard.storyboard in Resources */,
				DBD4245A18F984C400F668FB /* partybackground.png in Resources */,
				DBD4247518F9AED800F668FB /* icon_call.png in Resources */,
				DBA92C4818FA6BE300BC1E15 /* icon_calender_white.png in Resources */,
				DBA92C5F18FA9B7200BC1E15 /* icon_qr_blue.png in Resources */,
				DBD4247318F9AC8700F668FB /* icon_calender.png in Resources */,
				DBD4246518F9A08400F668FB /* icon_location.png in Resources */,
				DBA92C4A18FA6C6B00BC1E15 /* icon_contact_white.png in Resources */,
				E3A76626190454B800212DE3 /* thumbsUp.png in Resources */,
				BED0936518DADA49002F2954 /* Images.xcassets in Resources */,
				DBD4247018F9A9E200F668FB /* 4-background_960*640_4.png in Resources */,
				DBA92C8418FAECD500BC1E15 /* icon_message_white.png in Resources */,
				DBA92C5818FA82DA00BC1E15 /* cell-background_320.png in Resources */,
			);
			runOnlyForDeploymentPostprocessing = 0;
		};
		BED0936818DADA4A002F2954 /* Resources */ = {
			isa = PBXResourcesBuildPhase;
			buildActionMask = 2147483647;
			files = (
				BED0937718DADA4A002F2954 /* InfoPlist.strings in Resources */,
			);
			runOnlyForDeploymentPostprocessing = 0;
		};
/* End PBXResourcesBuildPhase section */

/* Begin PBXSourcesBuildPhase section */
		BED0934618DADA49002F2954 /* Sources */ = {
			isa = PBXSourcesBuildPhase;
			buildActionMask = 2147483647;
			files = (
				8743FAE118F3D94200447EBF /* qrspec.c in Sources */,
				8785B06E18EAD47900013FA1 /* StaticMapViewViewController.m in Sources */,
				8743FAE018F3D94200447EBF /* qrinput.c in Sources */,
				BED0936018DADA49002F2954 /* AppDelegate.m in Sources */,
				E3A766231904525E00212DE3 /* FeedBackTableViewCell.m in Sources */,
				BED0935C18DADA49002F2954 /* main.m in Sources */,
				BED0938B18DADBE7002F2954 /* InboxViewController.m in Sources */,
				BED0939018DAE738002F2954 /* OutboxViewController.m in Sources */,
				8743FADC18F3D94200447EBF /* bitstream.c in Sources */,
				877C764F18DC343E004124CB /* InviteLoginViewController.m in Sources */,
				8743FADF18F3D94200447EBF /* qrencode.c in Sources */,
				E3EED59518E49E860003D133 /* TemplateViewController.m in Sources */,
				8743FAE218F3D94200447EBF /* rscode.c in Sources */,
				8743FADD18F3D94200447EBF /* mask.c in Sources */,
				87554C9618F81A5A00A6D544 /* QRViewController.m in Sources */,
				E3E3E5A618E7FA6100A2BB76 /* InboxCustomCell.m in Sources */,
				87249EF818E15964008363BE /* ScannerViewController.m in Sources */,
				E36F9BD818E7381700400FD1 /* InBoxInvitationViewController.m in Sources */,
				8743FAE318F3D94200447EBF /* split.c in Sources */,
				E3F778B418E5560F00CBB401 /* ComposeNewInviteViewController.m in Sources */,
				87249EF518E153F7008363BE /* UIViewController+Utilities.m in Sources */,
				BED0936318DADA49002F2954 /* Invite.xcdatamodeld in Sources */,
				875CB18418DC1876008FE5CA /* InviteTabBar.m in Sources */,
				E3EED59218E49D790003D133 /* TemplateCell.m in Sources */,
				877C765618DC375C004124CB /* InviteSignupViewController.m in Sources */,
				BEE64EDA1918E55B00AC9A19 /* mapPopupViewController.m in Sources */,
				8743FADE18F3D94200447EBF /* qrenc.c in Sources */,
				DB7C8BA818FD37D400B060DC /* MJPopupBackgroundView.m in Sources */,
				DBA92C7D18FAEC8300BC1E15 /* RNGridMenu.m in Sources */,
				BE4043A118ED542600DECAD4 /* TITokenField.m in Sources */,
				E33695081902929700D904D8 /* OutBoxInvitationViewController.m in Sources */,
				DB7C8BAB18FD3EF300B060DC /* UIViewController+MJPopupViewController.m in Sources */,
				E3B5D10718E9A20D00496C3A /* EditableMapViewViewController.m in Sources */,
				E3E3E5AB18E8087D00A2BB76 /* OutBoxCustomCell.m in Sources */,
				E3A766221904525E00212DE3 /* FeedBackViewController.m in Sources */,
			);
			runOnlyForDeploymentPostprocessing = 0;
		};
		BED0936618DADA4A002F2954 /* Sources */ = {
			isa = PBXSourcesBuildPhase;
			buildActionMask = 2147483647;
			files = (
				BED0937918DADA4A002F2954 /* InviteTests.m in Sources */,
			);
			runOnlyForDeploymentPostprocessing = 0;
		};
/* End PBXSourcesBuildPhase section */

/* Begin PBXTargetDependency section */
		BED0937118DADA4A002F2954 /* PBXTargetDependency */ = {
			isa = PBXTargetDependency;
			target = BED0934918DADA49002F2954 /* Invite */;
			targetProxy = BED0937018DADA4A002F2954 /* PBXContainerItemProxy */;
		};
/* End PBXTargetDependency section */

/* Begin PBXVariantGroup section */
		BED0935818DADA49002F2954 /* InfoPlist.strings */ = {
			isa = PBXVariantGroup;
			children = (
				BED0935918DADA49002F2954 /* en */,
			);
			name = InfoPlist.strings;
			sourceTree = "<group>";
		};
		BED0937518DADA4A002F2954 /* InfoPlist.strings */ = {
			isa = PBXVariantGroup;
			children = (
				BED0937618DADA4A002F2954 /* en */,
			);
			name = InfoPlist.strings;
			sourceTree = "<group>";
		};
/* End PBXVariantGroup section */

/* Begin XCBuildConfiguration section */
		BED0937A18DADA4A002F2954 /* Debug */ = {
			isa = XCBuildConfiguration;
			buildSettings = {
				ALWAYS_SEARCH_USER_PATHS = NO;
				ARCHS = "$(ARCHS_STANDARD_INCLUDING_64_BIT)";
				CLANG_CXX_LANGUAGE_STANDARD = "gnu++0x";
				CLANG_CXX_LIBRARY = "libc++";
				CLANG_ENABLE_MODULES = YES;
				CLANG_ENABLE_OBJC_ARC = YES;
				CLANG_WARN_BOOL_CONVERSION = YES;
				CLANG_WARN_CONSTANT_CONVERSION = YES;
				CLANG_WARN_DIRECT_OBJC_ISA_USAGE = YES_ERROR;
				CLANG_WARN_EMPTY_BODY = YES;
				CLANG_WARN_ENUM_CONVERSION = YES;
				CLANG_WARN_INT_CONVERSION = YES;
				CLANG_WARN_OBJC_ROOT_CLASS = YES_ERROR;
				CLANG_WARN__DUPLICATE_METHOD_MATCH = YES;
				"CODE_SIGN_IDENTITY[sdk=iphoneos*]" = "iPhone Developer";
				COPY_PHASE_STRIP = NO;
				GCC_C_LANGUAGE_STANDARD = gnu99;
				GCC_DYNAMIC_NO_PIC = NO;
				GCC_OPTIMIZATION_LEVEL = 0;
				GCC_PREPROCESSOR_DEFINITIONS = (
					"DEBUG=1",
					"$(inherited)",
				);
				GCC_SYMBOLS_PRIVATE_EXTERN = NO;
				GCC_WARN_64_TO_32_BIT_CONVERSION = YES;
				GCC_WARN_ABOUT_RETURN_TYPE = YES_ERROR;
				GCC_WARN_UNDECLARED_SELECTOR = YES;
				GCC_WARN_UNINITIALIZED_AUTOS = YES;
				GCC_WARN_UNUSED_FUNCTION = YES;
				GCC_WARN_UNUSED_VARIABLE = YES;
				IPHONEOS_DEPLOYMENT_TARGET = 7.0;
				ONLY_ACTIVE_ARCH = YES;
				SDKROOT = iphoneos;
			};
			name = Debug;
		};
		BED0937B18DADA4A002F2954 /* Release */ = {
			isa = XCBuildConfiguration;
			buildSettings = {
				ALWAYS_SEARCH_USER_PATHS = NO;
				ARCHS = "$(ARCHS_STANDARD_INCLUDING_64_BIT)";
				CLANG_CXX_LANGUAGE_STANDARD = "gnu++0x";
				CLANG_CXX_LIBRARY = "libc++";
				CLANG_ENABLE_MODULES = YES;
				CLANG_ENABLE_OBJC_ARC = YES;
				CLANG_WARN_BOOL_CONVERSION = YES;
				CLANG_WARN_CONSTANT_CONVERSION = YES;
				CLANG_WARN_DIRECT_OBJC_ISA_USAGE = YES_ERROR;
				CLANG_WARN_EMPTY_BODY = YES;
				CLANG_WARN_ENUM_CONVERSION = YES;
				CLANG_WARN_INT_CONVERSION = YES;
				CLANG_WARN_OBJC_ROOT_CLASS = YES_ERROR;
				CLANG_WARN__DUPLICATE_METHOD_MATCH = YES;
				"CODE_SIGN_IDENTITY[sdk=iphoneos*]" = "iPhone Developer";
				COPY_PHASE_STRIP = YES;
				ENABLE_NS_ASSERTIONS = NO;
				GCC_C_LANGUAGE_STANDARD = gnu99;
				GCC_WARN_64_TO_32_BIT_CONVERSION = YES;
				GCC_WARN_ABOUT_RETURN_TYPE = YES_ERROR;
				GCC_WARN_UNDECLARED_SELECTOR = YES;
				GCC_WARN_UNINITIALIZED_AUTOS = YES;
				GCC_WARN_UNUSED_FUNCTION = YES;
				GCC_WARN_UNUSED_VARIABLE = YES;
				IPHONEOS_DEPLOYMENT_TARGET = 7.0;
				SDKROOT = iphoneos;
				VALIDATE_PRODUCT = YES;
			};
			name = Release;
		};
		BED0937D18DADA4A002F2954 /* Debug */ = {
			isa = XCBuildConfiguration;
			buildSettings = {
				ASSETCATALOG_COMPILER_APPICON_NAME = AppIcon;
				ASSETCATALOG_COMPILER_LAUNCHIMAGE_NAME = LaunchImage;
				FRAMEWORK_SEARCH_PATHS = (
					"$(inherited)",
					/Users/maduperera/Desktop,
					"/Users/maduperera/Desktop/untitled\\ folder\\ 2",
					/Users/dfernando/Invite/App/Invite,
					/Users/madushaperera/Desktop/Invite_New/App/Invite,
					/Users/dfernando/Invite_New/App/Invite,
					/Users/maduperera/Desktop/Invite_New/App/Invite,
					"/Users/dhamminifernando/Invite\\ Application/App/Invite",
					"$(DEVELOPER_FRAMEWORKS_DIR)",
				);
				GCC_PRECOMPILE_PREFIX_HEADER = YES;
				GCC_PREFIX_HEADER = "Invite/Invite-Prefix.pch";
				INFOPLIST_FILE = "Invite/Invite-Info.plist";
				IPHONEOS_DEPLOYMENT_TARGET = 7.0;
				PRODUCT_NAME = "$(TARGET_NAME)";
				WRAPPER_EXTENSION = app;
			};
			name = Debug;
		};
		BED0937E18DADA4A002F2954 /* Release */ = {
			isa = XCBuildConfiguration;
			buildSettings = {
				ASSETCATALOG_COMPILER_APPICON_NAME = AppIcon;
				ASSETCATALOG_COMPILER_LAUNCHIMAGE_NAME = LaunchImage;
				FRAMEWORK_SEARCH_PATHS = (
					"$(inherited)",
					/Users/maduperera/Desktop,
					"/Users/maduperera/Desktop/untitled\\ folder\\ 2",
					/Users/dfernando/Invite/App/Invite,
					/Users/madushaperera/Desktop/Invite_New/App/Invite,
					/Users/dfernando/Invite_New/App/Invite,
					/Users/maduperera/Desktop/Invite_New/App/Invite,
					"/Users/dhamminifernando/Invite\\ Application/App/Invite",
					"$(DEVELOPER_FRAMEWORKS_DIR)",
				);
				GCC_PRECOMPILE_PREFIX_HEADER = YES;
				GCC_PREFIX_HEADER = "Invite/Invite-Prefix.pch";
				INFOPLIST_FILE = "Invite/Invite-Info.plist";
				IPHONEOS_DEPLOYMENT_TARGET = 7.0;
				PRODUCT_NAME = "$(TARGET_NAME)";
				WRAPPER_EXTENSION = app;
			};
			name = Release;
		};
		BED0938018DADA4A002F2954 /* Debug */ = {
			isa = XCBuildConfiguration;
			buildSettings = {
				ARCHS = "$(ARCHS_STANDARD_INCLUDING_64_BIT)";
				BUNDLE_LOADER = "$(BUILT_PRODUCTS_DIR)/Invite.app/Invite";
				FRAMEWORK_SEARCH_PATHS = (
					"$(SDKROOT)/Developer/Library/Frameworks",
					"$(inherited)",
					"$(DEVELOPER_FRAMEWORKS_DIR)",
				);
				GCC_PRECOMPILE_PREFIX_HEADER = YES;
				GCC_PREFIX_HEADER = "Invite/Invite-Prefix.pch";
				GCC_PREPROCESSOR_DEFINITIONS = (
					"DEBUG=1",
					"$(inherited)",
				);
				INFOPLIST_FILE = "InviteTests/InviteTests-Info.plist";
				PRODUCT_NAME = "$(TARGET_NAME)";
				TEST_HOST = "$(BUNDLE_LOADER)";
				WRAPPER_EXTENSION = xctest;
			};
			name = Debug;
		};
		BED0938118DADA4A002F2954 /* Release */ = {
			isa = XCBuildConfiguration;
			buildSettings = {
				ARCHS = "$(ARCHS_STANDARD_INCLUDING_64_BIT)";
				BUNDLE_LOADER = "$(BUILT_PRODUCTS_DIR)/Invite.app/Invite";
				FRAMEWORK_SEARCH_PATHS = (
					"$(SDKROOT)/Developer/Library/Frameworks",
					"$(inherited)",
					"$(DEVELOPER_FRAMEWORKS_DIR)",
				);
				GCC_PRECOMPILE_PREFIX_HEADER = YES;
				GCC_PREFIX_HEADER = "Invite/Invite-Prefix.pch";
				INFOPLIST_FILE = "InviteTests/InviteTests-Info.plist";
				PRODUCT_NAME = "$(TARGET_NAME)";
				TEST_HOST = "$(BUNDLE_LOADER)";
				WRAPPER_EXTENSION = xctest;
			};
			name = Release;
		};
/* End XCBuildConfiguration section */

/* Begin XCConfigurationList section */
		BED0934518DADA49002F2954 /* Build configuration list for PBXProject "Invite" */ = {
			isa = XCConfigurationList;
			buildConfigurations = (
				BED0937A18DADA4A002F2954 /* Debug */,
				BED0937B18DADA4A002F2954 /* Release */,
			);
			defaultConfigurationIsVisible = 0;
			defaultConfigurationName = Release;
		};
		BED0937C18DADA4A002F2954 /* Build configuration list for PBXNativeTarget "Invite" */ = {
			isa = XCConfigurationList;
			buildConfigurations = (
				BED0937D18DADA4A002F2954 /* Debug */,
				BED0937E18DADA4A002F2954 /* Release */,
			);
			defaultConfigurationIsVisible = 0;
			defaultConfigurationName = Release;
		};
		BED0937F18DADA4A002F2954 /* Build configuration list for PBXNativeTarget "InviteTests" */ = {
			isa = XCConfigurationList;
			buildConfigurations = (
				BED0938018DADA4A002F2954 /* Debug */,
				BED0938118DADA4A002F2954 /* Release */,
			);
			defaultConfigurationIsVisible = 0;
			defaultConfigurationName = Release;
		};
/* End XCConfigurationList section */

/* Begin XCVersionGroup section */
		BED0936118DADA49002F2954 /* Invite.xcdatamodeld */ = {
			isa = XCVersionGroup;
			children = (
				BED0936218DADA49002F2954 /* Invite.xcdatamodel */,
			);
			currentVersion = BED0936218DADA49002F2954 /* Invite.xcdatamodel */;
			path = Invite.xcdatamodeld;
			sourceTree = "<group>";
			versionGroupType = wrapper.xcdatamodel;
		};
/* End XCVersionGroup section */
	};
	rootObject = BED0934218DADA49002F2954 /* Project object */;
}
